// !$*UTF8*$!
{
	archiveVersion = 1;
	classes = {
	};
	objectVersion = 48;
	objects = {

/* Begin PBXBuildFile section */
		327A03C0205DFC85004B78EB /* Order.swift in Sources */ = {isa = PBXBuildFile; fileRef = 327A03BA205DFC84004B78EB /* Order.swift */; };
		327A03C4205DFC85004B78EB /* Review.swift in Sources */ = {isa = PBXBuildFile; fileRef = 327A03BE205DFC84004B78EB /* Review.swift */; };
		327A03C5205DFC85004B78EB /* Customer.swift in Sources */ = {isa = PBXBuildFile; fileRef = 327A03BF205DFC85004B78EB /* Customer.swift */; };
		5D804DFD206B4444004BE32B /* IndexPath+TotalRow.swift in Sources */ = {isa = PBXBuildFile; fileRef = 5D804DFC206B4444004BE32B /* IndexPath+TotalRow.swift */; };
		5D8848082078DC2F00FCDC3B /* ReivewUIView.swift in Sources */ = {isa = PBXBuildFile; fileRef = 5D8848072078DC2F00FCDC3B /* ReivewUIView.swift */; };
		5D88480A2078E05800FCDC3B /* OrderView.swift in Sources */ = {isa = PBXBuildFile; fileRef = 5D8848092078E05800FCDC3B /* OrderView.swift */; };
		5D88480C207A183000FCDC3B /* UIViewController+OrderSuccess.swift in Sources */ = {isa = PBXBuildFile; fileRef = 5D88480B207A183000FCDC3B /* UIViewController+OrderSuccess.swift */; };
		5D88480F207A3F8300FCDC3B /* FoodTypeLabel.swift in Sources */ = {isa = PBXBuildFile; fileRef = 5D88480E207A3F8300FCDC3B /* FoodTypeLabel.swift */; };
		5D884811207B616000FCDC3B /* OrderHistory.swift in Sources */ = {isa = PBXBuildFile; fileRef = 5D884810207B616000FCDC3B /* OrderHistory.swift */; };
		5DBC55B5206CA946000CCBED /* StallDetailController+TableView.swift in Sources */ = {isa = PBXBuildFile; fileRef = 5DBC55B4206CA946000CCBED /* StallDetailController+TableView.swift */; };
		5DC2343B20639DF3008B034A /* SearchViewController.swift in Sources */ = {isa = PBXBuildFile; fileRef = 5DC2343A20639DF3008B034A /* SearchViewController.swift */; };
		5DC2343D2063A02A008B034A /* StallListingCell.swift in Sources */ = {isa = PBXBuildFile; fileRef = 5DC2343C2063A02A008B034A /* StallListingCell.swift */; };
		5DC2343F2063B8EB008B034A /* OrderController.swift in Sources */ = {isa = PBXBuildFile; fileRef = 5DC2343E2063B8EB008B034A /* OrderController.swift */; };
		5DC234412063B913008B034A /* OngoingOrderCell.swift in Sources */ = {isa = PBXBuildFile; fileRef = 5DC234402063B913008B034A /* OngoingOrderCell.swift */; };
		5DC234432064026D008B034A /* StallDetailController.swift in Sources */ = {isa = PBXBuildFile; fileRef = 5DC234422064026D008B034A /* StallDetailController.swift */; };
		5DC234472064CF08008B034A /* FoodTableViewCell.swift in Sources */ = {isa = PBXBuildFile; fileRef = 5DC234462064CF08008B034A /* FoodTableViewCell.swift */; };
		5DC234492064D686008B034A /* FoodDetailController.swift in Sources */ = {isa = PBXBuildFile; fileRef = 5DC234482064D686008B034A /* FoodDetailController.swift */; };
		5DC2344D20653686008B034A /* MeViewController.swift in Sources */ = {isa = PBXBuildFile; fileRef = 5DC2344C20653686008B034A /* MeViewController.swift */; };
		5DD15FB02067612500DDF8D6 /* ReviewTableViewController.swift in Sources */ = {isa = PBXBuildFile; fileRef = 5DD15FAF2067612500DDF8D6 /* ReviewTableViewController.swift */; };
		5DD15FB22067613F00DDF8D6 /* ReviewTableViewCell.swift in Sources */ = {isa = PBXBuildFile; fileRef = 5DD15FB12067613F00DDF8D6 /* ReviewTableViewCell.swift */; };
		5DEC47C52077828100544A54 /* OrderDetailViewController.swift in Sources */ = {isa = PBXBuildFile; fileRef = 5DEC47C42077828100544A54 /* OrderDetailViewController.swift */; };
		5DEC47C920785F8B00544A54 /* OrderFoodTableViewController.swift in Sources */ = {isa = PBXBuildFile; fileRef = 5DEC47C820785F8B00544A54 /* OrderFoodTableViewController.swift */; };
		5DF03D68205D57D5003D320C /* String+Helpers.swift in Sources */ = {isa = PBXBuildFile; fileRef = 5DF03D67205D57D5003D320C /* String+Helpers.swift */; };
		998B8FFF1D16B7D52702E182 /* Pods_ding.framework in Frameworks */ = {isa = PBXBuildFile; fileRef = 568EEE2ECE7221DFC42F6A89 /* Pods_ding.framework */; };
		B2464E8B205C51A30095A925 /* Food.swift in Sources */ = {isa = PBXBuildFile; fileRef = B2464E8A205C51A30095A925 /* Food.swift */; };
		F200DDE3205E520F00F33748 /* Assets.xcassets in Resources */ = {isa = PBXBuildFile; fileRef = F200DDE2205E520F00F33748 /* Assets.xcassets */; };
		F200DDE5205E537100F33748 /* VerifyNUSController.swift in Sources */ = {isa = PBXBuildFile; fileRef = F200DDE4205E537100F33748 /* VerifyNUSController.swift */; };
		F203E9A5207482A100115558 /* AboutViewController.swift in Sources */ = {isa = PBXBuildFile; fileRef = F203E9A4207482A100115558 /* AboutViewController.swift */; };
		F204341320778D2E00FF3083 /* UIViewController+Keyboard.swift in Sources */ = {isa = PBXBuildFile; fileRef = F204341220778D2E00FF3083 /* UIViewController+Keyboard.swift */; };
		F2043416207791C600FF3083 /* FilterView.swift in Sources */ = {isa = PBXBuildFile; fileRef = F2043415207791C600FF3083 /* FilterView.swift */; };
		F20434182077941700FF3083 /* FilterLabel.swift in Sources */ = {isa = PBXBuildFile; fileRef = F20434172077941700FF3083 /* FilterLabel.swift */; };
		F204341A2077958100FF3083 /* UIViewController+Dispatch.swift in Sources */ = {isa = PBXBuildFile; fileRef = F20434192077958100FF3083 /* UIViewController+Dispatch.swift */; };
		F21A46AA206A7D280066BFA0 /* FirebaseObject.swift in Sources */ = {isa = PBXBuildFile; fileRef = F21A46A9206A7D280066BFA0 /* FirebaseObject.swift */; };
		F220FC10206CC7E90093CF04 /* ShoppingCartController.swift in Sources */ = {isa = PBXBuildFile; fileRef = F220FC0F206CC7E90093CF04 /* ShoppingCartController.swift */; };
		F23E6A31206643E5001EB882 /* WKWebView+Helpers.swift in Sources */ = {isa = PBXBuildFile; fileRef = F23E6A30206643E5001EB882 /* WKWebView+Helpers.swift */; };
		F23E6A3520667B7E001EB882 /* PasswordSignUpController.swift in Sources */ = {isa = PBXBuildFile; fileRef = F23E6A3420667B7E001EB882 /* PasswordSignUpController.swift */; };
		F23E6A372066A25E001EB882 /* SettingMenuCell.swift in Sources */ = {isa = PBXBuildFile; fileRef = F23E6A362066A25E001EB882 /* SettingMenuCell.swift */; };
		F25F3A99205B85670042D8FA /* GoogleService-Info.plist in Resources */ = {isa = PBXBuildFile; fileRef = F25F3A98205B85670042D8FA /* GoogleService-Info.plist */; };
		F265B95A207095410035A47B /* FoodOverviewView.swift in Sources */ = {isa = PBXBuildFile; fileRef = F265B959207095410035A47B /* FoodOverviewView.swift */; };
		F265B95C207099080035A47B /* UIView+Utility.swift in Sources */ = {isa = PBXBuildFile; fileRef = F265B95B207099080035A47B /* UIView+Utility.swift */; };
		F26657F7206FCA5D00BE83F5 /* StallOverviewView.swift in Sources */ = {isa = PBXBuildFile; fileRef = F26657F6206FCA5D00BE83F5 /* StallOverviewView.swift */; };
		F2813545206A095400B81377 /* StallOverview.swift in Sources */ = {isa = PBXBuildFile; fileRef = F2813544206A095400B81377 /* StallOverview.swift */; };
		F285DB38205CC5A300E8621B /* README.md in Resources */ = {isa = PBXBuildFile; fileRef = F285DB37205CC5A300E8621B /* README.md */; };
		F290A039206A993600D0A0AF /* SearchViewController+CollectionView.swift in Sources */ = {isa = PBXBuildFile; fileRef = F290A038206A993600D0A0AF /* SearchViewController+CollectionView.swift */; };
		F297DEA1206F72F900991DC7 /* OrderController+CollectionView.swift in Sources */ = {isa = PBXBuildFile; fileRef = F297DEA0206F72F900991DC7 /* OrderController+CollectionView.swift */; };
		F29C0A3D2075F3F200D2FD92 /* UIViewController+Permission.swift in Sources */ = {isa = PBXBuildFile; fileRef = F29C0A3C2075F3F200D2FD92 /* UIViewController+Permission.swift */; };
		F2AEA0CF207266B5001D5704 /* UIColor+RGB.swift in Sources */ = {isa = PBXBuildFile; fileRef = F2AEA0CE207266B5001D5704 /* UIColor+RGB.swift */; };
		F2C65C6B2065FAD100E40425 /* MenuButton.swift in Sources */ = {isa = PBXBuildFile; fileRef = F2C65C6A2065FAD100E40425 /* MenuButton.swift */; };
		F2C65C6F2065FB1800E40425 /* Constants.swift in Sources */ = {isa = PBXBuildFile; fileRef = F2C65C6E2065FB1800E40425 /* Constants.swift */; };
		F2C65C71206601CF00E40425 /* LoginViewController.swift in Sources */ = {isa = PBXBuildFile; fileRef = F2C65C70206601CF00E40425 /* LoginViewController.swift */; };
		F2C66067205B7FFF006C3C51 /* AppDelegate.swift in Sources */ = {isa = PBXBuildFile; fileRef = F2C66066205B7FFF006C3C51 /* AppDelegate.swift */; };
		F2C6606C205B7FFF006C3C51 /* Main.storyboard in Resources */ = {isa = PBXBuildFile; fileRef = F2C6606A205B7FFF006C3C51 /* Main.storyboard */; };
		F2C66071205B7FFF006C3C51 /* LaunchScreen.storyboard in Resources */ = {isa = PBXBuildFile; fileRef = F2C6606F205B7FFF006C3C51 /* LaunchScreen.storyboard */; };
		F2C8B3C3205E554100A1A193 /* DatabaseRef.swift in Sources */ = {isa = PBXBuildFile; fileRef = F2C8B3C1205E554000A1A193 /* DatabaseRef.swift */; };
		F2C8B3C4205E554100A1A193 /* Authorizer.swift in Sources */ = {isa = PBXBuildFile; fileRef = F2C8B3C2205E554100A1A193 /* Authorizer.swift */; };
		F2C9543E206B399300DE426B /* StorageRef.swift in Sources */ = {isa = PBXBuildFile; fileRef = F2C9543D206B399300DE426B /* StorageRef.swift */; };
		F2C95440206B473E00DE426B /* UIImageView+WebImage.swift in Sources */ = {isa = PBXBuildFile; fileRef = F2C9543F206B473E00DE426B /* UIImageView+WebImage.swift */; };
		F2D397D4206F35B90086C27E /* OrderStatusLabel.swift in Sources */ = {isa = PBXBuildFile; fileRef = F2D397D3206F35B90086C27E /* OrderStatusLabel.swift */; };
		F2D397D6206F649B0086C27E /* ShoppingCart.swift in Sources */ = {isa = PBXBuildFile; fileRef = F2D397D5206F649B0086C27E /* ShoppingCart.swift */; };
		F2DEC658206CAD6A0021D3A0 /* DialogHelpers.swift in Sources */ = {isa = PBXBuildFile; fileRef = F2DEC657206CAD6A0021D3A0 /* DialogHelpers.swift */; };
		F2F1E208207893BE00B94250 /* Filter.swift in Sources */ = {isa = PBXBuildFile; fileRef = F2F1E207207893BE00B94250 /* Filter.swift */; };
		F2F2CE40207F9FF600694D32 /* SettingViewController.swift in Sources */ = {isa = PBXBuildFile; fileRef = F2F2CE3F207F9FF600694D32 /* SettingViewController.swift */; };
		F2F2CE44207FA49C00694D32 /* ImageRow.swift in Sources */ = {isa = PBXBuildFile; fileRef = F2F2CE43207FA49C00694D32 /* ImageRow.swift */; };
		F2F2CE46207FA52000694D32 /* ImagePickerController.swift in Sources */ = {isa = PBXBuildFile; fileRef = F2F2CE45207FA52000694D32 /* ImagePickerController.swift */; };
		F2F2CE48207FA65E00694D32 /* ProfileViewController.swift in Sources */ = {isa = PBXBuildFile; fileRef = F2F2CE47207FA65E00694D32 /* ProfileViewController.swift */; };
		F2F2CE4A207FAA4300694D32 /* SoundEffectController.swift in Sources */ = {isa = PBXBuildFile; fileRef = F2F2CE49207FAA4300694D32 /* SoundEffectController.swift */; };
		F2F2CE51207FB52400694D32 /* front_desk_bell.mp3 in Resources */ = {isa = PBXBuildFile; fileRef = F2F2CE50207FB52400694D32 /* front_desk_bell.mp3 */; };
/* End PBXBuildFile section */

/* Begin PBXFileReference section */
		327A03BA205DFC84004B78EB /* Order.swift */ = {isa = PBXFileReference; fileEncoding = 4; lastKnownFileType = sourcecode.swift; path = Order.swift; sourceTree = "<group>"; };
		327A03BE205DFC84004B78EB /* Review.swift */ = {isa = PBXFileReference; fileEncoding = 4; lastKnownFileType = sourcecode.swift; path = Review.swift; sourceTree = "<group>"; };
		327A03BF205DFC85004B78EB /* Customer.swift */ = {isa = PBXFileReference; fileEncoding = 4; lastKnownFileType = sourcecode.swift; path = Customer.swift; sourceTree = "<group>"; };
		568EEE2ECE7221DFC42F6A89 /* Pods_ding.framework */ = {isa = PBXFileReference; explicitFileType = wrapper.framework; includeInIndex = 0; path = Pods_ding.framework; sourceTree = BUILT_PRODUCTS_DIR; };
		5D804DFC206B4444004BE32B /* IndexPath+TotalRow.swift */ = {isa = PBXFileReference; lastKnownFileType = sourcecode.swift; path = "IndexPath+TotalRow.swift"; sourceTree = "<group>"; };
		5D8848072078DC2F00FCDC3B /* ReivewUIView.swift */ = {isa = PBXFileReference; lastKnownFileType = sourcecode.swift; path = ReivewUIView.swift; sourceTree = "<group>"; };
		5D8848092078E05800FCDC3B /* OrderView.swift */ = {isa = PBXFileReference; lastKnownFileType = sourcecode.swift; path = OrderView.swift; sourceTree = "<group>"; };
		5D88480B207A183000FCDC3B /* UIViewController+OrderSuccess.swift */ = {isa = PBXFileReference; lastKnownFileType = sourcecode.swift; path = "UIViewController+OrderSuccess.swift"; sourceTree = "<group>"; };
		5D88480E207A3F8300FCDC3B /* FoodTypeLabel.swift */ = {isa = PBXFileReference; lastKnownFileType = sourcecode.swift; path = FoodTypeLabel.swift; sourceTree = "<group>"; };
		5D884810207B616000FCDC3B /* OrderHistory.swift */ = {isa = PBXFileReference; fileEncoding = 4; lastKnownFileType = sourcecode.swift; path = OrderHistory.swift; sourceTree = "<group>"; };
		5DBC55B4206CA946000CCBED /* StallDetailController+TableView.swift */ = {isa = PBXFileReference; lastKnownFileType = sourcecode.swift; path = "StallDetailController+TableView.swift"; sourceTree = "<group>"; };
		5DC2343A20639DF3008B034A /* SearchViewController.swift */ = {isa = PBXFileReference; lastKnownFileType = sourcecode.swift; path = SearchViewController.swift; sourceTree = "<group>"; };
		5DC2343C2063A02A008B034A /* StallListingCell.swift */ = {isa = PBXFileReference; lastKnownFileType = sourcecode.swift; path = StallListingCell.swift; sourceTree = "<group>"; };
		5DC2343E2063B8EB008B034A /* OrderController.swift */ = {isa = PBXFileReference; lastKnownFileType = sourcecode.swift; path = OrderController.swift; sourceTree = "<group>"; };
		5DC234402063B913008B034A /* OngoingOrderCell.swift */ = {isa = PBXFileReference; lastKnownFileType = sourcecode.swift; path = OngoingOrderCell.swift; sourceTree = "<group>"; };
		5DC234422064026D008B034A /* StallDetailController.swift */ = {isa = PBXFileReference; lastKnownFileType = sourcecode.swift; path = StallDetailController.swift; sourceTree = "<group>"; };
		5DC234462064CF08008B034A /* FoodTableViewCell.swift */ = {isa = PBXFileReference; lastKnownFileType = sourcecode.swift; path = FoodTableViewCell.swift; sourceTree = "<group>"; };
		5DC234482064D686008B034A /* FoodDetailController.swift */ = {isa = PBXFileReference; lastKnownFileType = sourcecode.swift; path = FoodDetailController.swift; sourceTree = "<group>"; };
		5DC2344C20653686008B034A /* MeViewController.swift */ = {isa = PBXFileReference; lastKnownFileType = sourcecode.swift; path = MeViewController.swift; sourceTree = "<group>"; };
		5DD15FAF2067612500DDF8D6 /* ReviewTableViewController.swift */ = {isa = PBXFileReference; lastKnownFileType = sourcecode.swift; path = ReviewTableViewController.swift; sourceTree = "<group>"; };
		5DD15FB12067613F00DDF8D6 /* ReviewTableViewCell.swift */ = {isa = PBXFileReference; lastKnownFileType = sourcecode.swift; path = ReviewTableViewCell.swift; sourceTree = "<group>"; };
		5DEC47C42077828100544A54 /* OrderDetailViewController.swift */ = {isa = PBXFileReference; lastKnownFileType = sourcecode.swift; path = OrderDetailViewController.swift; sourceTree = "<group>"; };
		5DEC47C820785F8B00544A54 /* OrderFoodTableViewController.swift */ = {isa = PBXFileReference; lastKnownFileType = sourcecode.swift; path = OrderFoodTableViewController.swift; sourceTree = "<group>"; };
		5DF03D67205D57D5003D320C /* String+Helpers.swift */ = {isa = PBXFileReference; lastKnownFileType = sourcecode.swift; path = "String+Helpers.swift"; sourceTree = "<group>"; };
		67740653032DB336409F3E0A /* Pods-ding.release.xcconfig */ = {isa = PBXFileReference; includeInIndex = 1; lastKnownFileType = text.xcconfig; name = "Pods-ding.release.xcconfig"; path = "Pods/Target Support Files/Pods-ding/Pods-ding.release.xcconfig"; sourceTree = "<group>"; };
		86164BBD46082DC0F0E70936 /* Pods-ding.debug.xcconfig */ = {isa = PBXFileReference; includeInIndex = 1; lastKnownFileType = text.xcconfig; name = "Pods-ding.debug.xcconfig"; path = "Pods/Target Support Files/Pods-ding/Pods-ding.debug.xcconfig"; sourceTree = "<group>"; };
		B2464E8A205C51A30095A925 /* Food.swift */ = {isa = PBXFileReference; lastKnownFileType = sourcecode.swift; path = Food.swift; sourceTree = "<group>"; };
		F200DDE2205E520F00F33748 /* Assets.xcassets */ = {isa = PBXFileReference; lastKnownFileType = folder.assetcatalog; path = Assets.xcassets; sourceTree = "<group>"; };
		F200DDE4205E537100F33748 /* VerifyNUSController.swift */ = {isa = PBXFileReference; fileEncoding = 4; lastKnownFileType = sourcecode.swift; path = VerifyNUSController.swift; sourceTree = "<group>"; };
		F203E9A4207482A100115558 /* AboutViewController.swift */ = {isa = PBXFileReference; lastKnownFileType = sourcecode.swift; path = AboutViewController.swift; sourceTree = "<group>"; };
		F204341220778D2E00FF3083 /* UIViewController+Keyboard.swift */ = {isa = PBXFileReference; lastKnownFileType = sourcecode.swift; path = "UIViewController+Keyboard.swift"; sourceTree = "<group>"; };
		F2043415207791C600FF3083 /* FilterView.swift */ = {isa = PBXFileReference; lastKnownFileType = sourcecode.swift; path = FilterView.swift; sourceTree = "<group>"; };
		F20434172077941700FF3083 /* FilterLabel.swift */ = {isa = PBXFileReference; lastKnownFileType = sourcecode.swift; path = FilterLabel.swift; sourceTree = "<group>"; };
		F20434192077958100FF3083 /* UIViewController+Dispatch.swift */ = {isa = PBXFileReference; lastKnownFileType = sourcecode.swift; path = "UIViewController+Dispatch.swift"; sourceTree = "<group>"; };
		F21A46A9206A7D280066BFA0 /* FirebaseObject.swift */ = {isa = PBXFileReference; lastKnownFileType = sourcecode.swift; path = FirebaseObject.swift; sourceTree = "<group>"; };
		F220FC0F206CC7E90093CF04 /* ShoppingCartController.swift */ = {isa = PBXFileReference; lastKnownFileType = sourcecode.swift; path = ShoppingCartController.swift; sourceTree = "<group>"; };
		F23E6A30206643E5001EB882 /* WKWebView+Helpers.swift */ = {isa = PBXFileReference; lastKnownFileType = sourcecode.swift; path = "WKWebView+Helpers.swift"; sourceTree = "<group>"; };
		F23E6A3420667B7E001EB882 /* PasswordSignUpController.swift */ = {isa = PBXFileReference; lastKnownFileType = sourcecode.swift; path = PasswordSignUpController.swift; sourceTree = "<group>"; };
		F23E6A362066A25E001EB882 /* SettingMenuCell.swift */ = {isa = PBXFileReference; lastKnownFileType = sourcecode.swift; path = SettingMenuCell.swift; sourceTree = "<group>"; };
		F25F3A98205B85670042D8FA /* GoogleService-Info.plist */ = {isa = PBXFileReference; fileEncoding = 4; lastKnownFileType = text.plist.xml; path = "GoogleService-Info.plist"; sourceTree = "<group>"; };
		F265B959207095410035A47B /* FoodOverviewView.swift */ = {isa = PBXFileReference; lastKnownFileType = sourcecode.swift; path = FoodOverviewView.swift; sourceTree = "<group>"; };
		F265B95B207099080035A47B /* UIView+Utility.swift */ = {isa = PBXFileReference; lastKnownFileType = sourcecode.swift; path = "UIView+Utility.swift"; sourceTree = "<group>"; };
		F26657F6206FCA5D00BE83F5 /* StallOverviewView.swift */ = {isa = PBXFileReference; lastKnownFileType = sourcecode.swift; path = StallOverviewView.swift; sourceTree = "<group>"; };
		F2813544206A095400B81377 /* StallOverview.swift */ = {isa = PBXFileReference; lastKnownFileType = sourcecode.swift; path = StallOverview.swift; sourceTree = "<group>"; };
		F285DB37205CC5A300E8621B /* README.md */ = {isa = PBXFileReference; fileEncoding = 4; lastKnownFileType = net.daringfireball.markdown; name = README.md; path = ../README.md; sourceTree = "<group>"; };
		F290A038206A993600D0A0AF /* SearchViewController+CollectionView.swift */ = {isa = PBXFileReference; lastKnownFileType = sourcecode.swift; path = "SearchViewController+CollectionView.swift"; sourceTree = "<group>"; };
		F297DEA0206F72F900991DC7 /* OrderController+CollectionView.swift */ = {isa = PBXFileReference; lastKnownFileType = sourcecode.swift; path = "OrderController+CollectionView.swift"; sourceTree = "<group>"; };
		F29C0A3C2075F3F200D2FD92 /* UIViewController+Permission.swift */ = {isa = PBXFileReference; lastKnownFileType = sourcecode.swift; path = "UIViewController+Permission.swift"; sourceTree = "<group>"; };
		F2AEA0CE207266B5001D5704 /* UIColor+RGB.swift */ = {isa = PBXFileReference; lastKnownFileType = sourcecode.swift; path = "UIColor+RGB.swift"; sourceTree = "<group>"; };
		F2C65C6A2065FAD100E40425 /* MenuButton.swift */ = {isa = PBXFileReference; lastKnownFileType = sourcecode.swift; path = MenuButton.swift; sourceTree = "<group>"; };
		F2C65C6E2065FB1800E40425 /* Constants.swift */ = {isa = PBXFileReference; lastKnownFileType = sourcecode.swift; path = Constants.swift; sourceTree = "<group>"; };
		F2C65C70206601CF00E40425 /* LoginViewController.swift */ = {isa = PBXFileReference; lastKnownFileType = sourcecode.swift; path = LoginViewController.swift; sourceTree = "<group>"; };
		F2C66063205B7FFF006C3C51 /* ding.app */ = {isa = PBXFileReference; explicitFileType = wrapper.application; includeInIndex = 0; path = ding.app; sourceTree = BUILT_PRODUCTS_DIR; };
		F2C66066205B7FFF006C3C51 /* AppDelegate.swift */ = {isa = PBXFileReference; lastKnownFileType = sourcecode.swift; path = AppDelegate.swift; sourceTree = "<group>"; };
		F2C6606B205B7FFF006C3C51 /* Base */ = {isa = PBXFileReference; lastKnownFileType = file.storyboard; name = Base; path = Base.lproj/Main.storyboard; sourceTree = "<group>"; };
		F2C66070205B7FFF006C3C51 /* Base */ = {isa = PBXFileReference; lastKnownFileType = file.storyboard; name = Base; path = Base.lproj/LaunchScreen.storyboard; sourceTree = "<group>"; };
		F2C66072205B7FFF006C3C51 /* Info.plist */ = {isa = PBXFileReference; lastKnownFileType = text.plist.xml; path = Info.plist; sourceTree = "<group>"; };
		F2C8B3C1205E554000A1A193 /* DatabaseRef.swift */ = {isa = PBXFileReference; fileEncoding = 4; lastKnownFileType = sourcecode.swift; path = DatabaseRef.swift; sourceTree = "<group>"; };
		F2C8B3C2205E554100A1A193 /* Authorizer.swift */ = {isa = PBXFileReference; fileEncoding = 4; lastKnownFileType = sourcecode.swift; path = Authorizer.swift; sourceTree = "<group>"; };
		F2C9543D206B399300DE426B /* StorageRef.swift */ = {isa = PBXFileReference; lastKnownFileType = sourcecode.swift; path = StorageRef.swift; sourceTree = "<group>"; };
		F2C9543F206B473E00DE426B /* UIImageView+WebImage.swift */ = {isa = PBXFileReference; lastKnownFileType = sourcecode.swift; path = "UIImageView+WebImage.swift"; sourceTree = "<group>"; };
		F2D397D3206F35B90086C27E /* OrderStatusLabel.swift */ = {isa = PBXFileReference; lastKnownFileType = sourcecode.swift; path = OrderStatusLabel.swift; sourceTree = "<group>"; };
		F2D397D5206F649B0086C27E /* ShoppingCart.swift */ = {isa = PBXFileReference; lastKnownFileType = sourcecode.swift; path = ShoppingCart.swift; sourceTree = "<group>"; };
		F2DEC657206CAD6A0021D3A0 /* DialogHelpers.swift */ = {isa = PBXFileReference; lastKnownFileType = sourcecode.swift; path = DialogHelpers.swift; sourceTree = "<group>"; };
		F2F1E207207893BE00B94250 /* Filter.swift */ = {isa = PBXFileReference; lastKnownFileType = sourcecode.swift; path = Filter.swift; sourceTree = "<group>"; };
		F2F2CE3F207F9FF600694D32 /* SettingViewController.swift */ = {isa = PBXFileReference; lastKnownFileType = sourcecode.swift; path = SettingViewController.swift; sourceTree = "<group>"; };
		F2F2CE43207FA49C00694D32 /* ImageRow.swift */ = {isa = PBXFileReference; lastKnownFileType = sourcecode.swift; path = ImageRow.swift; sourceTree = "<group>"; };
		F2F2CE45207FA52000694D32 /* ImagePickerController.swift */ = {isa = PBXFileReference; lastKnownFileType = sourcecode.swift; path = ImagePickerController.swift; sourceTree = "<group>"; };
		F2F2CE47207FA65E00694D32 /* ProfileViewController.swift */ = {isa = PBXFileReference; lastKnownFileType = sourcecode.swift; path = ProfileViewController.swift; sourceTree = "<group>"; };
		F2F2CE49207FAA4300694D32 /* SoundEffectController.swift */ = {isa = PBXFileReference; lastKnownFileType = sourcecode.swift; path = SoundEffectController.swift; sourceTree = "<group>"; };
		F2F2CE50207FB52400694D32 /* front_desk_bell.mp3 */ = {isa = PBXFileReference; lastKnownFileType = audio.mp3; path = front_desk_bell.mp3; sourceTree = "<group>"; };
/* End PBXFileReference section */

/* Begin PBXFrameworksBuildPhase section */
		F2C66060205B7FFF006C3C51 /* Frameworks */ = {
			isa = PBXFrameworksBuildPhase;
			buildActionMask = 2147483647;
			files = (
				998B8FFF1D16B7D52702E182 /* Pods_ding.framework in Frameworks */,
			);
			runOnlyForDeploymentPostprocessing = 0;
		};
/* End PBXFrameworksBuildPhase section */

/* Begin PBXGroup section */
		19A98ED0022708AEE6644D7C /* Frameworks */ = {
			isa = PBXGroup;
			children = (
				568EEE2ECE7221DFC42F6A89 /* Pods_ding.framework */,
			);
			name = Frameworks;
			sourceTree = "<group>";
		};
		4DA219F92A39E3BC8B9C5C9E /* Pods */ = {
			isa = PBXGroup;
			children = (
				86164BBD46082DC0F0E70936 /* Pods-ding.debug.xcconfig */,
				67740653032DB336409F3E0A /* Pods-ding.release.xcconfig */,
			);
			name = Pods;
			sourceTree = "<group>";
		};
		5D88480D207A18D800FCDC3B /* Helpers */ = {
			isa = PBXGroup;
			children = (
				F2F2CE49207FAA4300694D32 /* SoundEffectController.swift */,
				F20434192077958100FF3083 /* UIViewController+Dispatch.swift */,
				F204341220778D2E00FF3083 /* UIViewController+Keyboard.swift */,
				F29C0A3C2075F3F200D2FD92 /* UIViewController+Permission.swift */,
				5D88480B207A183000FCDC3B /* UIViewController+OrderSuccess.swift */,
			);
			path = Helpers;
			sourceTree = "<group>";
		};
		B2464E83205C4E760095A925 /* Models */ = {
			isa = PBXGroup;
			children = (
				F2D397D7206F64A30086C27E /* Order */,
				F2D397D8206F64B70086C27E /* Search */,
				F21A46A9206A7D280066BFA0 /* FirebaseObject.swift */,
				327A03BF205DFC85004B78EB /* Customer.swift */,
				B2464E8A205C51A30095A925 /* Food.swift */,
			);
			path = Models;
			sourceTree = "<group>";
		};
		F200DDE6205E53F300F33748 /* Others */ = {
			isa = PBXGroup;
			children = (
				F2C66066205B7FFF006C3C51 /* AppDelegate.swift */,
				F2C8B3C2205E554100A1A193 /* Authorizer.swift */,
				F2C65C6E2065FB1800E40425 /* Constants.swift */,
				F2C8B3C1205E554000A1A193 /* DatabaseRef.swift */,
				F2DEC657206CAD6A0021D3A0 /* DialogHelpers.swift */,
				F2F2CE45207FA52000694D32 /* ImagePickerController.swift */,
				F2F2CE43207FA49C00694D32 /* ImageRow.swift */,
				5D804DFC206B4444004BE32B /* IndexPath+TotalRow.swift */,
				F2C9543D206B399300DE426B /* StorageRef.swift */,
				5DF03D67205D57D5003D320C /* String+Helpers.swift */,
			);
			path = Others;
			sourceTree = "<group>";
		};
		F203E9A32074825600115558 /* Me */ = {
			isa = PBXGroup;
			children = (
				F203E9A4207482A100115558 /* AboutViewController.swift */,
				5DC2344C20653686008B034A /* MeViewController.swift */,
				F2F2CE47207FA65E00694D32 /* ProfileViewController.swift */,
				F2F2CE3F207F9FF600694D32 /* SettingViewController.swift */,
			);
			path = Me;
			sourceTree = "<group>";
		};
		F220FC11206CC7ED0093CF04 /* Order */ = {
			isa = PBXGroup;
			children = (
				5DC2343E2063B8EB008B034A /* OrderController.swift */,
				F297DEA0206F72F900991DC7 /* OrderController+CollectionView.swift */,
				F220FC0F206CC7E90093CF04 /* ShoppingCartController.swift */,
				5DEC47C42077828100544A54 /* OrderDetailViewController.swift */,
				5DEC47C820785F8B00544A54 /* OrderFoodTableViewController.swift */,
			);
			path = Order;
			sourceTree = "<group>";
		};
		F26657F2206F8B9400BE83F5 /* Order */ = {
			isa = PBXGroup;
			children = (
				F2D397D3206F35B90086C27E /* OrderStatusLabel.swift */,
				5DC234402063B913008B034A /* OngoingOrderCell.swift */,
				5D8848092078E05800FCDC3B /* OrderView.swift */,
			);
			path = Order;
			sourceTree = "<group>";
		};
		F26657F3206F8BB300BE83F5 /* Helpers */ = {
			isa = PBXGroup;
			children = (
				F2AEA0CE207266B5001D5704 /* UIColor+RGB.swift */,
				F2C9543F206B473E00DE426B /* UIImageView+WebImage.swift */,
				F23E6A30206643E5001EB882 /* WKWebView+Helpers.swift */,
				F265B95B207099080035A47B /* UIView+Utility.swift */,
			);
			path = Helpers;
			sourceTree = "<group>";
		};
		F26657F4206F8C5500BE83F5 /* Search */ = {
			isa = PBXGroup;
			children = (
				F20434172077941700FF3083 /* FilterLabel.swift */,
				F2043415207791C600FF3083 /* FilterView.swift */,
				5DC234462064CF08008B034A /* FoodTableViewCell.swift */,
				F265B959207095410035A47B /* FoodOverviewView.swift */,
				5DC2343C2063A02A008B034A /* StallListingCell.swift */,
				F26657F6206FCA5D00BE83F5 /* StallOverviewView.swift */,
				5D88480E207A3F8300FCDC3B /* FoodTypeLabel.swift */,
			);
			path = Search;
			sourceTree = "<group>";
		};
		F27DDC77205E3953005C3A07 /* Controllers */ = {
			isa = PBXGroup;
			children = (
				5D88480D207A18D800FCDC3B /* Helpers */,
				F2C65C72206601F900E40425 /* Login */,
				F203E9A32074825600115558 /* Me */,
				F220FC11206CC7ED0093CF04 /* Order */,
				F2813546206A0E2200B81377 /* Search */,
				5DD15FAF2067612500DDF8D6 /* ReviewTableViewController.swift */,
			);
			path = Controllers;
			sourceTree = "<group>";
		};
		F27DDC78205E3978005C3A07 /* Views */ = {
			isa = PBXGroup;
			children = (
				F26657F2206F8B9400BE83F5 /* Order */,
				F26657F4206F8C5500BE83F5 /* Search */,
				F26657F3206F8BB300BE83F5 /* Helpers */,
				F200DDE2205E520F00F33748 /* Assets.xcassets */,
				F2C6606F205B7FFF006C3C51 /* LaunchScreen.storyboard */,
				F2C6606A205B7FFF006C3C51 /* Main.storyboard */,
				F23E6A362066A25E001EB882 /* SettingMenuCell.swift */,
				F2C65C6A2065FAD100E40425 /* MenuButton.swift */,
				5DD15FB12067613F00DDF8D6 /* ReviewTableViewCell.swift */,
				5D8848072078DC2F00FCDC3B /* ReivewUIView.swift */,
			);
			path = Views;
			sourceTree = "<group>";
		};
		F2813546206A0E2200B81377 /* Search */ = {
			isa = PBXGroup;
			children = (
				5DC2343A20639DF3008B034A /* SearchViewController.swift */,
				F290A038206A993600D0A0AF /* SearchViewController+CollectionView.swift */,
				5DC234422064026D008B034A /* StallDetailController.swift */,
				5DBC55B4206CA946000CCBED /* StallDetailController+TableView.swift */,
				5DC234482064D686008B034A /* FoodDetailController.swift */,
			);
			path = Search;
			sourceTree = "<group>";
		};
		F2C65C72206601F900E40425 /* Login */ = {
			isa = PBXGroup;
			children = (
				F2C65C70206601CF00E40425 /* LoginViewController.swift */,
				F23E6A3420667B7E001EB882 /* PasswordSignUpController.swift */,
				F200DDE4205E537100F33748 /* VerifyNUSController.swift */,
			);
			path = Login;
			sourceTree = "<group>";
		};
		F2C6605A205B7FFF006C3C51 = {
			isa = PBXGroup;
			children = (
				F285DB37205CC5A300E8621B /* README.md */,
				F2C66065205B7FFF006C3C51 /* ding */,
				F2C66064205B7FFF006C3C51 /* Products */,
				4DA219F92A39E3BC8B9C5C9E /* Pods */,
				19A98ED0022708AEE6644D7C /* Frameworks */,
			);
			sourceTree = "<group>";
		};
		F2C66064205B7FFF006C3C51 /* Products */ = {
			isa = PBXGroup;
			children = (
				F2C66063205B7FFF006C3C51 /* ding.app */,
			);
			name = Products;
			sourceTree = "<group>";
		};
		F2C66065205B7FFF006C3C51 /* ding */ = {
			isa = PBXGroup;
			children = (
				F27DDC77205E3953005C3A07 /* Controllers */,
				B2464E83205C4E760095A925 /* Models */,
				F2F2CE4B207FABB600694D32 /* Resources */,
				F27DDC78205E3978005C3A07 /* Views */,
				F200DDE6205E53F300F33748 /* Others */,
				F25F3A98205B85670042D8FA /* GoogleService-Info.plist */,
				F2C66072205B7FFF006C3C51 /* Info.plist */,
			);
			path = ding;
			sourceTree = "<group>";
		};
		F2D397D7206F64A30086C27E /* Order */ = {
			isa = PBXGroup;
			children = (
				5D884810207B616000FCDC3B /* OrderHistory.swift */,
				327A03BA205DFC84004B78EB /* Order.swift */,
				327A03BE205DFC84004B78EB /* Review.swift */,
				F2D397D5206F649B0086C27E /* ShoppingCart.swift */,
			);
			path = Order;
			sourceTree = "<group>";
		};
		F2D397D8206F64B70086C27E /* Search */ = {
			isa = PBXGroup;
			children = (
				F2813544206A095400B81377 /* StallOverview.swift */,
				F2F1E207207893BE00B94250 /* Filter.swift */,
			);
			path = Search;
			sourceTree = "<group>";
		};
		F2F2CE4B207FABB600694D32 /* Resources */ = {
			isa = PBXGroup;
			children = (
				F2F2CE50207FB52400694D32 /* front_desk_bell.mp3 */,
			);
			path = Resources;
			sourceTree = "<group>";
		};
/* End PBXGroup section */

/* Begin PBXNativeTarget section */
		F2C66062205B7FFF006C3C51 /* ding */ = {
			isa = PBXNativeTarget;
			buildConfigurationList = F2C66075205B7FFF006C3C51 /* Build configuration list for PBXNativeTarget "ding" */;
			buildPhases = (
				976D464E9EDC11A3F2E902EC /* [CP] Check Pods Manifest.lock */,
				F2C6605F205B7FFF006C3C51 /* Sources */,
				F2C66060205B7FFF006C3C51 /* Frameworks */,
				F2C66061205B7FFF006C3C51 /* Resources */,
				E5748DF7E576A9F32D2888EB /* [CP] Embed Pods Frameworks */,
				0533C862CD83DB572D4AA2EF /* [CP] Copy Pods Resources */,
				F25F3A9A205B86390042D8FA /* SwiftLint */,
			);
			buildRules = (
			);
			dependencies = (
			);
			name = ding;
			productName = ding;
			productReference = F2C66063205B7FFF006C3C51 /* ding.app */;
			productType = "com.apple.product-type.application";
		};
/* End PBXNativeTarget section */

/* Begin PBXProject section */
		F2C6605B205B7FFF006C3C51 /* Project object */ = {
			isa = PBXProject;
			attributes = {
				LastSwiftUpdateCheck = 0920;
				LastUpgradeCheck = 0930;
				ORGANIZATIONNAME = "CS3217 Ding";
				TargetAttributes = {
					F2C66062205B7FFF006C3C51 = {
						CreatedOnToolsVersion = 9.2;
						ProvisioningStyle = Automatic;
					};
				};
			};
			buildConfigurationList = F2C6605E205B7FFF006C3C51 /* Build configuration list for PBXProject "ding" */;
			compatibilityVersion = "Xcode 8.0";
			developmentRegion = en;
			hasScannedForEncodings = 0;
			knownRegions = (
				en,
				Base,
			);
			mainGroup = F2C6605A205B7FFF006C3C51;
			productRefGroup = F2C66064205B7FFF006C3C51 /* Products */;
			projectDirPath = "";
			projectRoot = "";
			targets = (
				F2C66062205B7FFF006C3C51 /* ding */,
			);
		};
/* End PBXProject section */

/* Begin PBXResourcesBuildPhase section */
		F2C66061205B7FFF006C3C51 /* Resources */ = {
			isa = PBXResourcesBuildPhase;
			buildActionMask = 2147483647;
			files = (
				F2C66071205B7FFF006C3C51 /* LaunchScreen.storyboard in Resources */,
				F25F3A99205B85670042D8FA /* GoogleService-Info.plist in Resources */,
				F285DB38205CC5A300E8621B /* README.md in Resources */,
				F200DDE3205E520F00F33748 /* Assets.xcassets in Resources */,
				F2F2CE51207FB52400694D32 /* front_desk_bell.mp3 in Resources */,
				F2C6606C205B7FFF006C3C51 /* Main.storyboard in Resources */,
			);
			runOnlyForDeploymentPostprocessing = 0;
		};
/* End PBXResourcesBuildPhase section */

/* Begin PBXShellScriptBuildPhase section */
		0533C862CD83DB572D4AA2EF /* [CP] Copy Pods Resources */ = {
			isa = PBXShellScriptBuildPhase;
			buildActionMask = 2147483647;
			files = (
			);
			inputPaths = (
				"${SRCROOT}/Pods/Target Support Files/Pods-ding/Pods-ding-resources.sh",
				"${PODS_CONFIGURATION_BUILD_DIR}/FirebaseUI/FirebaseAuthUI.bundle",
			);
			name = "[CP] Copy Pods Resources";
			outputPaths = (
				"${TARGET_BUILD_DIR}/${UNLOCALIZED_RESOURCES_FOLDER_PATH}/FirebaseAuthUI.bundle",
			);
			runOnlyForDeploymentPostprocessing = 0;
			shellPath = /bin/sh;
			shellScript = "\"${SRCROOT}/Pods/Target Support Files/Pods-ding/Pods-ding-resources.sh\"\n";
			showEnvVarsInLog = 0;
		};
		976D464E9EDC11A3F2E902EC /* [CP] Check Pods Manifest.lock */ = {
			isa = PBXShellScriptBuildPhase;
			buildActionMask = 2147483647;
			files = (
			);
			inputPaths = (
				"${PODS_PODFILE_DIR_PATH}/Podfile.lock",
				"${PODS_ROOT}/Manifest.lock",
			);
			name = "[CP] Check Pods Manifest.lock";
			outputPaths = (
				"$(DERIVED_FILE_DIR)/Pods-ding-checkManifestLockResult.txt",
			);
			runOnlyForDeploymentPostprocessing = 0;
			shellPath = /bin/sh;
			shellScript = "diff \"${PODS_PODFILE_DIR_PATH}/Podfile.lock\" \"${PODS_ROOT}/Manifest.lock\" > /dev/null\nif [ $? != 0 ] ; then\n    # print error to STDERR\n    echo \"error: The sandbox is not in sync with the Podfile.lock. Run 'pod install' or update your CocoaPods installation.\" >&2\n    exit 1\nfi\n# This output is used by Xcode 'outputs' to avoid re-running this script phase.\necho \"SUCCESS\" > \"${SCRIPT_OUTPUT_FILE_0}\"\n";
			showEnvVarsInLog = 0;
		};
		E5748DF7E576A9F32D2888EB /* [CP] Embed Pods Frameworks */ = {
			isa = PBXShellScriptBuildPhase;
			buildActionMask = 2147483647;
			files = (
			);
			inputPaths = (
				"${SRCROOT}/Pods/Target Support Files/Pods-ding/Pods-ding-frameworks.sh",
				"${BUILT_PRODUCTS_DIR}/Eureka/Eureka.framework",
				"${BUILT_PRODUCTS_DIR}/GTMSessionFetcher/GTMSessionFetcher.framework",
				"${BUILT_PRODUCTS_DIR}/GoogleToolboxForMac/GoogleToolboxForMac.framework",
				"${BUILT_PRODUCTS_DIR}/SDWebImage/SDWebImage.framework",
				"${BUILT_PRODUCTS_DIR}/leveldb-library/leveldb.framework",
				"${BUILT_PRODUCTS_DIR}/nanopb/nanopb.framework",
			);
			name = "[CP] Embed Pods Frameworks";
			outputPaths = (
				"${TARGET_BUILD_DIR}/${FRAMEWORKS_FOLDER_PATH}/Eureka.framework",
				"${TARGET_BUILD_DIR}/${FRAMEWORKS_FOLDER_PATH}/GTMSessionFetcher.framework",
				"${TARGET_BUILD_DIR}/${FRAMEWORKS_FOLDER_PATH}/GoogleToolboxForMac.framework",
				"${TARGET_BUILD_DIR}/${FRAMEWORKS_FOLDER_PATH}/SDWebImage.framework",
				"${TARGET_BUILD_DIR}/${FRAMEWORKS_FOLDER_PATH}/leveldb.framework",
				"${TARGET_BUILD_DIR}/${FRAMEWORKS_FOLDER_PATH}/nanopb.framework",
			);
			runOnlyForDeploymentPostprocessing = 0;
			shellPath = /bin/sh;
			shellScript = "\"${SRCROOT}/Pods/Target Support Files/Pods-ding/Pods-ding-frameworks.sh\"\n";
			showEnvVarsInLog = 0;
		};
		F25F3A9A205B86390042D8FA /* SwiftLint */ = {
			isa = PBXShellScriptBuildPhase;
			buildActionMask = 2147483647;
			files = (
			);
			inputPaths = (
			);
			name = SwiftLint;
			outputPaths = (
			);
			runOnlyForDeploymentPostprocessing = 0;
			shellPath = /bin/sh;
			shellScript = "if which swiftlint >/dev/null; then\n    swiftlint\nelse\n    echo \"warning: SwiftLint not installed, download from https://github.com/realm/SwiftLint\"\nfi";
		};
/* End PBXShellScriptBuildPhase section */

/* Begin PBXSourcesBuildPhase section */
		F2C6605F205B7FFF006C3C51 /* Sources */ = {
			isa = PBXSourcesBuildPhase;
			buildActionMask = 2147483647;
			files = (
				F2C65C71206601CF00E40425 /* LoginViewController.swift in Sources */,
				5D88480A2078E05800FCDC3B /* OrderView.swift in Sources */,
				5DF03D68205D57D5003D320C /* String+Helpers.swift in Sources */,
				327A03C0205DFC85004B78EB /* Order.swift in Sources */,
				F203E9A5207482A100115558 /* AboutViewController.swift in Sources */,
				F2AEA0CF207266B5001D5704 /* UIColor+RGB.swift in Sources */,
				5DC2343B20639DF3008B034A /* SearchViewController.swift in Sources */,
				F2C9543E206B399300DE426B /* StorageRef.swift in Sources */,
				F265B95A207095410035A47B /* FoodOverviewView.swift in Sources */,
				F220FC10206CC7E90093CF04 /* ShoppingCartController.swift in Sources */,
				5DEC47C52077828100544A54 /* OrderDetailViewController.swift in Sources */,
				327A03C4205DFC85004B78EB /* Review.swift in Sources */,
				F2D397D4206F35B90086C27E /* OrderStatusLabel.swift in Sources */,
				F2F2CE48207FA65E00694D32 /* ProfileViewController.swift in Sources */,
				5DC234432064026D008B034A /* StallDetailController.swift in Sources */,
				F2C65C6F2065FB1800E40425 /* Constants.swift in Sources */,
				F2F2CE4A207FAA4300694D32 /* SoundEffectController.swift in Sources */,
				F2D397D6206F649B0086C27E /* ShoppingCart.swift in Sources */,
				5DD15FB22067613F00DDF8D6 /* ReviewTableViewCell.swift in Sources */,
				F204341A2077958100FF3083 /* UIViewController+Dispatch.swift in Sources */,
				5DC234412063B913008B034A /* OngoingOrderCell.swift in Sources */,
				F2F2CE40207F9FF600694D32 /* SettingViewController.swift in Sources */,
				F21A46AA206A7D280066BFA0 /* FirebaseObject.swift in Sources */,
				5DC2343F2063B8EB008B034A /* OrderController.swift in Sources */,
				F204341320778D2E00FF3083 /* UIViewController+Keyboard.swift in Sources */,
				F26657F7206FCA5D00BE83F5 /* StallOverviewView.swift in Sources */,
				B2464E8B205C51A30095A925 /* Food.swift in Sources */,
				5D804DFD206B4444004BE32B /* IndexPath+TotalRow.swift in Sources */,
				5DC234472064CF08008B034A /* FoodTableViewCell.swift in Sources */,
				F29C0A3D2075F3F200D2FD92 /* UIViewController+Permission.swift in Sources */,
				F2C66067205B7FFF006C3C51 /* AppDelegate.swift in Sources */,
				F2F2CE46207FA52000694D32 /* ImagePickerController.swift in Sources */,
				5DC2343D2063A02A008B034A /* StallListingCell.swift in Sources */,
				F2813545206A095400B81377 /* StallOverview.swift in Sources */,
				5DC234492064D686008B034A /* FoodDetailController.swift in Sources */,
				5DD15FB02067612500DDF8D6 /* ReviewTableViewController.swift in Sources */,
				F2C95440206B473E00DE426B /* UIImageView+WebImage.swift in Sources */,
				F297DEA1206F72F900991DC7 /* OrderController+CollectionView.swift in Sources */,
				5DEC47C920785F8B00544A54 /* OrderFoodTableViewController.swift in Sources */,
				F2C8B3C4205E554100A1A193 /* Authorizer.swift in Sources */,
				5D88480F207A3F8300FCDC3B /* FoodTypeLabel.swift in Sources */,
				F2043416207791C600FF3083 /* FilterView.swift in Sources */,
				F2DEC658206CAD6A0021D3A0 /* DialogHelpers.swift in Sources */,
				5D88480C207A183000FCDC3B /* UIViewController+OrderSuccess.swift in Sources */,
				327A03C5205DFC85004B78EB /* Customer.swift in Sources */,
				5D8848082078DC2F00FCDC3B /* ReivewUIView.swift in Sources */,
				5DC2344D20653686008B034A /* MeViewController.swift in Sources */,
				F23E6A372066A25E001EB882 /* SettingMenuCell.swift in Sources */,
				F200DDE5205E537100F33748 /* VerifyNUSController.swift in Sources */,
				F23E6A3520667B7E001EB882 /* PasswordSignUpController.swift in Sources */,
				F2C65C6B2065FAD100E40425 /* MenuButton.swift in Sources */,
				F2F1E208207893BE00B94250 /* Filter.swift in Sources */,
				F20434182077941700FF3083 /* FilterLabel.swift in Sources */,
				F2F2CE44207FA49C00694D32 /* ImageRow.swift in Sources */,
				F2C8B3C3205E554100A1A193 /* DatabaseRef.swift in Sources */,
				5D884811207B616000FCDC3B /* OrderHistory.swift in Sources */,
				F23E6A31206643E5001EB882 /* WKWebView+Helpers.swift in Sources */,
				F265B95C207099080035A47B /* UIView+Utility.swift in Sources */,
				F290A039206A993600D0A0AF /* SearchViewController+CollectionView.swift in Sources */,
				5DBC55B5206CA946000CCBED /* StallDetailController+TableView.swift in Sources */,
			);
			runOnlyForDeploymentPostprocessing = 0;
		};
/* End PBXSourcesBuildPhase section */

/* Begin PBXVariantGroup section */
		F2C6606A205B7FFF006C3C51 /* Main.storyboard */ = {
			isa = PBXVariantGroup;
			children = (
				F2C6606B205B7FFF006C3C51 /* Base */,
			);
			name = Main.storyboard;
			sourceTree = "<group>";
		};
		F2C6606F205B7FFF006C3C51 /* LaunchScreen.storyboard */ = {
			isa = PBXVariantGroup;
			children = (
				F2C66070205B7FFF006C3C51 /* Base */,
			);
			name = LaunchScreen.storyboard;
			sourceTree = "<group>";
		};
/* End PBXVariantGroup section */

/* Begin XCBuildConfiguration section */
		F2C66073205B7FFF006C3C51 /* Debug */ = {
			isa = XCBuildConfiguration;
			buildSettings = {
				ALWAYS_SEARCH_USER_PATHS = NO;
				CLANG_ANALYZER_NONNULL = YES;
				CLANG_ANALYZER_NUMBER_OBJECT_CONVERSION = YES_AGGRESSIVE;
				CLANG_CXX_LANGUAGE_STANDARD = "gnu++14";
				CLANG_CXX_LIBRARY = "libc++";
				CLANG_ENABLE_MODULES = YES;
				CLANG_ENABLE_OBJC_ARC = YES;
				CLANG_WARN_BLOCK_CAPTURE_AUTORELEASING = YES;
				CLANG_WARN_BOOL_CONVERSION = YES;
				CLANG_WARN_COMMA = YES;
				CLANG_WARN_CONSTANT_CONVERSION = YES;
				CLANG_WARN_DEPRECATED_OBJC_IMPLEMENTATIONS = YES;
				CLANG_WARN_DIRECT_OBJC_ISA_USAGE = YES_ERROR;
				CLANG_WARN_DOCUMENTATION_COMMENTS = YES;
				CLANG_WARN_EMPTY_BODY = YES;
				CLANG_WARN_ENUM_CONVERSION = YES;
				CLANG_WARN_INFINITE_RECURSION = YES;
				CLANG_WARN_INT_CONVERSION = YES;
				CLANG_WARN_NON_LITERAL_NULL_CONVERSION = YES;
				CLANG_WARN_OBJC_IMPLICIT_RETAIN_SELF = YES;
				CLANG_WARN_OBJC_LITERAL_CONVERSION = YES;
				CLANG_WARN_OBJC_ROOT_CLASS = YES_ERROR;
				CLANG_WARN_RANGE_LOOP_ANALYSIS = YES;
				CLANG_WARN_STRICT_PROTOTYPES = YES;
				CLANG_WARN_SUSPICIOUS_MOVE = YES;
				CLANG_WARN_UNGUARDED_AVAILABILITY = YES_AGGRESSIVE;
				CLANG_WARN_UNREACHABLE_CODE = YES;
				CLANG_WARN__DUPLICATE_METHOD_MATCH = YES;
				CODE_SIGN_IDENTITY = "iPhone Developer";
				COPY_PHASE_STRIP = NO;
				DEBUG_INFORMATION_FORMAT = dwarf;
				ENABLE_STRICT_OBJC_MSGSEND = YES;
				ENABLE_TESTABILITY = YES;
				GCC_C_LANGUAGE_STANDARD = gnu11;
				GCC_DYNAMIC_NO_PIC = NO;
				GCC_NO_COMMON_BLOCKS = YES;
				GCC_OPTIMIZATION_LEVEL = 0;
				GCC_PREPROCESSOR_DEFINITIONS = (
					"DEBUG=1",
					"$(inherited)",
				);
				GCC_WARN_64_TO_32_BIT_CONVERSION = YES;
				GCC_WARN_ABOUT_RETURN_TYPE = YES_ERROR;
				GCC_WARN_UNDECLARED_SELECTOR = YES;
				GCC_WARN_UNINITIALIZED_AUTOS = YES_AGGRESSIVE;
				GCC_WARN_UNUSED_FUNCTION = YES;
				GCC_WARN_UNUSED_VARIABLE = YES;
				IPHONEOS_DEPLOYMENT_TARGET = 11.2;
				MTL_ENABLE_DEBUG_INFO = YES;
				ONLY_ACTIVE_ARCH = YES;
				SDKROOT = iphoneos;
				SWIFT_ACTIVE_COMPILATION_CONDITIONS = DEBUG;
				SWIFT_OPTIMIZATION_LEVEL = "-Onone";
			};
			name = Debug;
		};
		F2C66074205B7FFF006C3C51 /* Release */ = {
			isa = XCBuildConfiguration;
			buildSettings = {
				ALWAYS_SEARCH_USER_PATHS = NO;
				CLANG_ANALYZER_NONNULL = YES;
				CLANG_ANALYZER_NUMBER_OBJECT_CONVERSION = YES_AGGRESSIVE;
				CLANG_CXX_LANGUAGE_STANDARD = "gnu++14";
				CLANG_CXX_LIBRARY = "libc++";
				CLANG_ENABLE_MODULES = YES;
				CLANG_ENABLE_OBJC_ARC = YES;
				CLANG_WARN_BLOCK_CAPTURE_AUTORELEASING = YES;
				CLANG_WARN_BOOL_CONVERSION = YES;
				CLANG_WARN_COMMA = YES;
				CLANG_WARN_CONSTANT_CONVERSION = YES;
				CLANG_WARN_DEPRECATED_OBJC_IMPLEMENTATIONS = YES;
				CLANG_WARN_DIRECT_OBJC_ISA_USAGE = YES_ERROR;
				CLANG_WARN_DOCUMENTATION_COMMENTS = YES;
				CLANG_WARN_EMPTY_BODY = YES;
				CLANG_WARN_ENUM_CONVERSION = YES;
				CLANG_WARN_INFINITE_RECURSION = YES;
				CLANG_WARN_INT_CONVERSION = YES;
				CLANG_WARN_NON_LITERAL_NULL_CONVERSION = YES;
				CLANG_WARN_OBJC_IMPLICIT_RETAIN_SELF = YES;
				CLANG_WARN_OBJC_LITERAL_CONVERSION = YES;
				CLANG_WARN_OBJC_ROOT_CLASS = YES_ERROR;
				CLANG_WARN_RANGE_LOOP_ANALYSIS = YES;
				CLANG_WARN_STRICT_PROTOTYPES = YES;
				CLANG_WARN_SUSPICIOUS_MOVE = YES;
				CLANG_WARN_UNGUARDED_AVAILABILITY = YES_AGGRESSIVE;
				CLANG_WARN_UNREACHABLE_CODE = YES;
				CLANG_WARN__DUPLICATE_METHOD_MATCH = YES;
				CODE_SIGN_IDENTITY = "iPhone Developer";
				COPY_PHASE_STRIP = NO;
				DEBUG_INFORMATION_FORMAT = "dwarf-with-dsym";
				ENABLE_NS_ASSERTIONS = NO;
				ENABLE_STRICT_OBJC_MSGSEND = YES;
				GCC_C_LANGUAGE_STANDARD = gnu11;
				GCC_NO_COMMON_BLOCKS = YES;
				GCC_WARN_64_TO_32_BIT_CONVERSION = YES;
				GCC_WARN_ABOUT_RETURN_TYPE = YES_ERROR;
				GCC_WARN_UNDECLARED_SELECTOR = YES;
				GCC_WARN_UNINITIALIZED_AUTOS = YES_AGGRESSIVE;
				GCC_WARN_UNUSED_FUNCTION = YES;
				GCC_WARN_UNUSED_VARIABLE = YES;
				IPHONEOS_DEPLOYMENT_TARGET = 11.2;
				MTL_ENABLE_DEBUG_INFO = NO;
				SDKROOT = iphoneos;
				SWIFT_OPTIMIZATION_LEVEL = "-Owholemodule";
				VALIDATE_PRODUCT = YES;
			};
			name = Release;
		};
		F2C66076205B7FFF006C3C51 /* Debug */ = {
			isa = XCBuildConfiguration;
			baseConfigurationReference = 86164BBD46082DC0F0E70936 /* Pods-ding.debug.xcconfig */;
			buildSettings = {
				ASSETCATALOG_COMPILER_APPICON_NAME = AppIcon;
				CODE_SIGN_STYLE = Automatic;
				DEVELOPMENT_TEAM = W76H98A34A;
				INFOPLIST_FILE = ding/Info.plist;
				LD_RUNPATH_SEARCH_PATHS = "$(inherited) @executable_path/Frameworks";
				PRODUCT_BUNDLE_IDENTIFIER = nus.cs3217.ding;
				PRODUCT_NAME = "$(TARGET_NAME)";
				SWIFT_VERSION = 4.0;
				TARGETED_DEVICE_FAMILY = "1,2";
			};
			name = Debug;
		};
		F2C66077205B7FFF006C3C51 /* Release */ = {
			isa = XCBuildConfiguration;
			baseConfigurationReference = 67740653032DB336409F3E0A /* Pods-ding.release.xcconfig */;
			buildSettings = {
				ASSETCATALOG_COMPILER_APPICON_NAME = AppIcon;
				CODE_SIGN_STYLE = Automatic;
				DEVELOPMENT_TEAM = W76H98A34A;
				INFOPLIST_FILE = ding/Info.plist;
				LD_RUNPATH_SEARCH_PATHS = "$(inherited) @executable_path/Frameworks";
				PRODUCT_BUNDLE_IDENTIFIER = nus.cs3217.ding;
				PRODUCT_NAME = "$(TARGET_NAME)";
				SWIFT_VERSION = 4.0;
				TARGETED_DEVICE_FAMILY = "1,2";
			};
			name = Release;
		};
/* End XCBuildConfiguration section */

/* Begin XCConfigurationList section */
		F2C6605E205B7FFF006C3C51 /* Build configuration list for PBXProject "ding" */ = {
			isa = XCConfigurationList;
			buildConfigurations = (
				F2C66073205B7FFF006C3C51 /* Debug */,
				F2C66074205B7FFF006C3C51 /* Release */,
			);
			defaultConfigurationIsVisible = 0;
			defaultConfigurationName = Release;
		};
		F2C66075205B7FFF006C3C51 /* Build configuration list for PBXNativeTarget "ding" */ = {
			isa = XCConfigurationList;
			buildConfigurations = (
				F2C66076205B7FFF006C3C51 /* Debug */,
				F2C66077205B7FFF006C3C51 /* Release */,
			);
			defaultConfigurationIsVisible = 0;
			defaultConfigurationName = Release;
		};
/* End XCConfigurationList section */
	};
	rootObject = F2C6605B205B7FFF006C3C51 /* Project object */;
}
