// !$*UTF8*$!
{
	archiveVersion = 1;
	classes = {
	};
	objectVersion = 48;
	objects = {

/* Begin PBXBuildFile section */
		25D71B14502B3C3A85CA02F2 /* Pods_ding_stall.framework in Frameworks */ = {isa = PBXBuildFile; fileRef = 310470C4EE38936B02AD10DC /* Pods_ding_stall.framework */; };
		325EE7F320663C46004EC560 /* ProfileViewController.swift in Sources */ = {isa = PBXBuildFile; fileRef = 325EE7F220663C46004EC560 /* ProfileViewController.swift */; };
		325EE7F920664532004EC560 /* SettingsViewController.swift in Sources */ = {isa = PBXBuildFile; fileRef = 325EE7F820664532004EC560 /* SettingsViewController.swift */; };
		325EE7FD2066476B004EC560 /* MenuViewController.swift in Sources */ = {isa = PBXBuildFile; fileRef = 325EE7FC2066476B004EC560 /* MenuViewController.swift */; };
		325EE7FF2066501A004EC560 /* DatabaseRef.swift in Sources */ = {isa = PBXBuildFile; fileRef = 325EE7FE20665019004EC560 /* DatabaseRef.swift */; };
		325EE80B20665178004EC560 /* StallDetails.swift in Sources */ = {isa = PBXBuildFile; fileRef = 325EE80220665177004EC560 /* StallDetails.swift */; };
		325EE80C20665178004EC560 /* DatabaseObject.swift in Sources */ = {isa = PBXBuildFile; fileRef = 325EE80320665177004EC560 /* DatabaseObject.swift */; };
		325EE80E20665178004EC560 /* Filter.swift in Sources */ = {isa = PBXBuildFile; fileRef = 325EE80520665178004EC560 /* Filter.swift */; };
		325EE80F20665178004EC560 /* Customer.swift in Sources */ = {isa = PBXBuildFile; fileRef = 325EE80620665178004EC560 /* Customer.swift */; };
		325EE81020665178004EC560 /* Order.swift in Sources */ = {isa = PBXBuildFile; fileRef = 325EE80720665178004EC560 /* Order.swift */; };
		325EE81120665178004EC560 /* Review.swift in Sources */ = {isa = PBXBuildFile; fileRef = 325EE80820665178004EC560 /* Review.swift */; };
		325EE81920673DD3004EC560 /* Food.swift in Sources */ = {isa = PBXBuildFile; fileRef = 325EE81820673DD3004EC560 /* Food.swift */; };
		325EE81B20692F30004EC560 /* MenuCollectionViewCell.swift in Sources */ = {isa = PBXBuildFile; fileRef = 325EE81A20692F30004EC560 /* MenuCollectionViewCell.swift */; };
		325EE824206A0159004EC560 /* Account.swift in Sources */ = {isa = PBXBuildFile; fileRef = 325EE823206A0159004EC560 /* Account.swift */; };
		325EE826206A7754004EC560 /* AddFoodViewController.swift in Sources */ = {isa = PBXBuildFile; fileRef = 325EE825206A7754004EC560 /* AddFoodViewController.swift */; };
		3280F90220750A340095E224 /* UIColor+RGB.swift in Sources */ = {isa = PBXBuildFile; fileRef = 3280F90120750A340095E224 /* UIColor+RGB.swift */; };
		3280F905207796120095E224 /* OrderViewController.swift in Sources */ = {isa = PBXBuildFile; fileRef = 3280F904207796120095E224 /* OrderViewController.swift */; };
		3280F90820779A110095E224 /* OrderHistory.swift in Sources */ = {isa = PBXBuildFile; fileRef = 3280F90720779A110095E224 /* OrderHistory.swift */; };
		3280F90C2077B9630095E224 /* OrderQueueCollectionViewCell.swift in Sources */ = {isa = PBXBuildFile; fileRef = 3280F90B2077B9620095E224 /* OrderQueueCollectionViewCell.swift */; };
		3280F90E2077B9AE0095E224 /* OrderQueueViewController.swift in Sources */ = {isa = PBXBuildFile; fileRef = 3280F90D2077B9AE0095E224 /* OrderQueueViewController.swift */; };
		3280F9102077B9B80095E224 /* OrderHistoryViewController.swift in Sources */ = {isa = PBXBuildFile; fileRef = 3280F90F2077B9B70095E224 /* OrderHistoryViewController.swift */; };
		32B75A6820733E46000C4834 /* PasswordSignUpController.swift in Sources */ = {isa = PBXBuildFile; fileRef = 32B75A6720733E46000C4834 /* PasswordSignUpController.swift */; };
		32B75A6A207340B0000C4834 /* StallFormViewController.swift in Sources */ = {isa = PBXBuildFile; fileRef = 32B75A69207340B0000C4834 /* StallFormViewController.swift */; };
		32B75A6E2073D9D8000C4834 /* StallOverview.swift in Sources */ = {isa = PBXBuildFile; fileRef = 32B75A6D2073D9D8000C4834 /* StallOverview.swift */; };
		32B75A70207484DA000C4834 /* UIImage+StandardSize.swift in Sources */ = {isa = PBXBuildFile; fileRef = 32B75A6F207484DA000C4834 /* UIImage+StandardSize.swift */; };
		32B75A732074B199000C4834 /* OrderStatusLabel.swift in Sources */ = {isa = PBXBuildFile; fileRef = 32B75A722074B199000C4834 /* OrderStatusLabel.swift */; };
		32B7CD7A206C9C9E00CE2FCA /* StorageRef.swift in Sources */ = {isa = PBXBuildFile; fileRef = 32B7CD79206C9C9E00CE2FCA /* StorageRef.swift */; };
		32B7CD7C206C9D2400CE2FCA /* UIImageView+WebImage.swift in Sources */ = {isa = PBXBuildFile; fileRef = 32B7CD7B206C9D2400CE2FCA /* UIImageView+WebImage.swift */; };
		32B7CD7E206CAD9200CE2FCA /* DialogHelpers.swift in Sources */ = {isa = PBXBuildFile; fileRef = 32B7CD7D206CAD9200CE2FCA /* DialogHelpers.swift */; };
		32B7CD81206E1A2B00CE2FCA /* ImagePickerViewController.swift in Sources */ = {isa = PBXBuildFile; fileRef = 32B7CD80206E1A2B00CE2FCA /* ImagePickerViewController.swift */; };
		32B7CD83206E1A5B00CE2FCA /* ImageRow.swift in Sources */ = {isa = PBXBuildFile; fileRef = 32B7CD82206E1A5B00CE2FCA /* ImageRow.swift */; };
		32B7CD85206FA8C800CE2FCA /* FoodFormViewController.swift in Sources */ = {isa = PBXBuildFile; fileRef = 32B7CD84206FA8C800CE2FCA /* FoodFormViewController.swift */; };
		32B7CD87206FAF2F00CE2FCA /* EditFoodViewController.swift in Sources */ = {isa = PBXBuildFile; fileRef = 32B7CD86206FAF2F00CE2FCA /* EditFoodViewController.swift */; };
		32FD694A207A396C00C898D0 /* ImageRow+PopulateImage.swift in Sources */ = {isa = PBXBuildFile; fileRef = 32FD6949207A396C00C898D0 /* ImageRow+PopulateImage.swift */; };
		32FD694C207A3C9500C898D0 /* StallCreationViewController.swift in Sources */ = {isa = PBXBuildFile; fileRef = 32FD694B207A3C9500C898D0 /* StallCreationViewController.swift */; };
		32FD6950207DDFAD00C898D0 /* OrderCollectionViewCell.swift in Sources */ = {isa = PBXBuildFile; fileRef = 32FD694F207DDFAD00C898D0 /* OrderCollectionViewCell.swift */; };
		32FD6952207DE59200C898D0 /* OrderHistoryCollectionViewCell.swift in Sources */ = {isa = PBXBuildFile; fileRef = 32FD6951207DE59200C898D0 /* OrderHistoryCollectionViewCell.swift */; };
		32FD6954207F072D00C898D0 /* OrderDetailViewController.swift in Sources */ = {isa = PBXBuildFile; fileRef = 32FD6953207F072D00C898D0 /* OrderDetailViewController.swift */; };
		32FD6956207F20EC00C898D0 /* OrderHistoryDetailViewController.swift in Sources */ = {isa = PBXBuildFile; fileRef = 32FD6955207F20EC00C898D0 /* OrderHistoryDetailViewController.swift */; };
		32FD6959207F383000C898D0 /* UIViewController+Dispatch.swift in Sources */ = {isa = PBXBuildFile; fileRef = 32FD6958207F383000C898D0 /* UIViewController+Dispatch.swift */; };
		32FD695B207F385C00C898D0 /* UIViewController+Keyboard.swift in Sources */ = {isa = PBXBuildFile; fileRef = 32FD695A207F385C00C898D0 /* UIViewController+Keyboard.swift */; };
		B227B0EF207E8A26008278E3 /* bell.mp3 in Resources */ = {isa = PBXBuildFile; fileRef = B227B0EE207E8A26008278E3 /* bell.mp3 */; };
		B227B0F1207E8B1B008278E3 /* Audio.swift in Sources */ = {isa = PBXBuildFile; fileRef = B227B0F0207E8B1B008278E3 /* Audio.swift */; };
		B2681939207DA87500968827 /* Settings.swift in Sources */ = {isa = PBXBuildFile; fileRef = B2681938207DA87500968827 /* Settings.swift */; };

		B2DCBC1720819E0B009CEAE9 /* AccountVerification.swift in Sources */ = {isa = PBXBuildFile; fileRef = B2DCBC1620819E0B009CEAE9 /* AccountVerification.swift */; };
		B2DCBC1520819545009CEAE9 /* NothingToDisplayView.swift in Sources */ = {isa = PBXBuildFile; fileRef = B2DCBC1420819545009CEAE9 /* NothingToDisplayView.swift */; };

		F2209A662064BD9F0043C6F3 /* LoginViewController.swift in Sources */ = {isa = PBXBuildFile; fileRef = F2209A652064BD9F0043C6F3 /* LoginViewController.swift */; };
		F26514C820651FD20098783C /* MeViewController.swift in Sources */ = {isa = PBXBuildFile; fileRef = F26514C720651FD20098783C /* MeViewController.swift */; };
		F26514CA206525B90098783C /* MeSettingMenuCell.swift in Sources */ = {isa = PBXBuildFile; fileRef = F26514C9206525B90098783C /* MeSettingMenuCell.swift */; };
		F26514CC206540230098783C /* Authorizer.swift in Sources */ = {isa = PBXBuildFile; fileRef = F26514CB206540230098783C /* Authorizer.swift */; };
		F26514CE20654D480098783C /* AboutViewController.swift in Sources */ = {isa = PBXBuildFile; fileRef = F26514CD20654D480098783C /* AboutViewController.swift */; };
		F285DB36205CC58300E8621B /* README.md in Resources */ = {isa = PBXBuildFile; fileRef = F285DB35205CC58300E8621B /* README.md */; };
		F2BBF826205B839400B9812D /* AppDelegate.swift in Sources */ = {isa = PBXBuildFile; fileRef = F2BBF825205B839400B9812D /* AppDelegate.swift */; };
		F2BBF82B205B839400B9812D /* Main.storyboard in Resources */ = {isa = PBXBuildFile; fileRef = F2BBF829205B839400B9812D /* Main.storyboard */; };
		F2BBF82D205B839400B9812D /* Assets.xcassets in Resources */ = {isa = PBXBuildFile; fileRef = F2BBF82C205B839400B9812D /* Assets.xcassets */; };
		F2BBF830205B839400B9812D /* LaunchScreen.storyboard in Resources */ = {isa = PBXBuildFile; fileRef = F2BBF82E205B839400B9812D /* LaunchScreen.storyboard */; };
		F2BBF838205B842600B9812D /* GoogleService-Info.plist in Resources */ = {isa = PBXBuildFile; fileRef = F2BBF837205B842600B9812D /* GoogleService-Info.plist */; };
		F2D2C0432064CE75005230D6 /* Constants.swift in Sources */ = {isa = PBXBuildFile; fileRef = F2D2C0422064CE75005230D6 /* Constants.swift */; };
/* End PBXBuildFile section */

/* Begin PBXFileReference section */
		310470C4EE38936B02AD10DC /* Pods_ding_stall.framework */ = {isa = PBXFileReference; explicitFileType = wrapper.framework; includeInIndex = 0; path = Pods_ding_stall.framework; sourceTree = BUILT_PRODUCTS_DIR; };
		325EE7F220663C46004EC560 /* ProfileViewController.swift */ = {isa = PBXFileReference; lastKnownFileType = sourcecode.swift; path = ProfileViewController.swift; sourceTree = "<group>"; };
		325EE7F820664532004EC560 /* SettingsViewController.swift */ = {isa = PBXFileReference; lastKnownFileType = sourcecode.swift; path = SettingsViewController.swift; sourceTree = "<group>"; };
		325EE7FC2066476B004EC560 /* MenuViewController.swift */ = {isa = PBXFileReference; lastKnownFileType = sourcecode.swift; path = MenuViewController.swift; sourceTree = "<group>"; };
		325EE7FE20665019004EC560 /* DatabaseRef.swift */ = {isa = PBXFileReference; fileEncoding = 4; lastKnownFileType = sourcecode.swift; path = DatabaseRef.swift; sourceTree = "<group>"; };
		325EE80220665177004EC560 /* StallDetails.swift */ = {isa = PBXFileReference; fileEncoding = 4; lastKnownFileType = sourcecode.swift; path = StallDetails.swift; sourceTree = "<group>"; };
		325EE80320665177004EC560 /* DatabaseObject.swift */ = {isa = PBXFileReference; fileEncoding = 4; lastKnownFileType = sourcecode.swift; path = DatabaseObject.swift; sourceTree = "<group>"; };
		325EE80520665178004EC560 /* Filter.swift */ = {isa = PBXFileReference; fileEncoding = 4; lastKnownFileType = sourcecode.swift; path = Filter.swift; sourceTree = "<group>"; };
		325EE80620665178004EC560 /* Customer.swift */ = {isa = PBXFileReference; fileEncoding = 4; lastKnownFileType = sourcecode.swift; path = Customer.swift; sourceTree = "<group>"; };
		325EE80720665178004EC560 /* Order.swift */ = {isa = PBXFileReference; fileEncoding = 4; lastKnownFileType = sourcecode.swift; path = Order.swift; sourceTree = "<group>"; };
		325EE80820665178004EC560 /* Review.swift */ = {isa = PBXFileReference; fileEncoding = 4; lastKnownFileType = sourcecode.swift; path = Review.swift; sourceTree = "<group>"; };
		325EE81820673DD3004EC560 /* Food.swift */ = {isa = PBXFileReference; fileEncoding = 4; lastKnownFileType = sourcecode.swift; path = Food.swift; sourceTree = "<group>"; };
		325EE81A20692F30004EC560 /* MenuCollectionViewCell.swift */ = {isa = PBXFileReference; lastKnownFileType = sourcecode.swift; path = MenuCollectionViewCell.swift; sourceTree = "<group>"; };
		325EE823206A0159004EC560 /* Account.swift */ = {isa = PBXFileReference; lastKnownFileType = sourcecode.swift; path = Account.swift; sourceTree = "<group>"; };
		325EE825206A7754004EC560 /* AddFoodViewController.swift */ = {isa = PBXFileReference; lastKnownFileType = sourcecode.swift; path = AddFoodViewController.swift; sourceTree = "<group>"; };
		3280F90120750A340095E224 /* UIColor+RGB.swift */ = {isa = PBXFileReference; lastKnownFileType = sourcecode.swift; path = "UIColor+RGB.swift"; sourceTree = "<group>"; };
		3280F904207796120095E224 /* OrderViewController.swift */ = {isa = PBXFileReference; lastKnownFileType = sourcecode.swift; path = OrderViewController.swift; sourceTree = "<group>"; };
		3280F90720779A110095E224 /* OrderHistory.swift */ = {isa = PBXFileReference; lastKnownFileType = sourcecode.swift; path = OrderHistory.swift; sourceTree = "<group>"; };
		3280F90B2077B9620095E224 /* OrderQueueCollectionViewCell.swift */ = {isa = PBXFileReference; fileEncoding = 4; lastKnownFileType = sourcecode.swift; path = OrderQueueCollectionViewCell.swift; sourceTree = "<group>"; };
		3280F90D2077B9AE0095E224 /* OrderQueueViewController.swift */ = {isa = PBXFileReference; fileEncoding = 4; lastKnownFileType = sourcecode.swift; path = OrderQueueViewController.swift; sourceTree = "<group>"; };
		3280F90F2077B9B70095E224 /* OrderHistoryViewController.swift */ = {isa = PBXFileReference; fileEncoding = 4; lastKnownFileType = sourcecode.swift; path = OrderHistoryViewController.swift; sourceTree = "<group>"; };
		32B75A6720733E46000C4834 /* PasswordSignUpController.swift */ = {isa = PBXFileReference; lastKnownFileType = sourcecode.swift; path = PasswordSignUpController.swift; sourceTree = "<group>"; };
		32B75A69207340B0000C4834 /* StallFormViewController.swift */ = {isa = PBXFileReference; lastKnownFileType = sourcecode.swift; path = StallFormViewController.swift; sourceTree = "<group>"; };
		32B75A6D2073D9D8000C4834 /* StallOverview.swift */ = {isa = PBXFileReference; lastKnownFileType = sourcecode.swift; path = StallOverview.swift; sourceTree = "<group>"; };
		32B75A6F207484DA000C4834 /* UIImage+StandardSize.swift */ = {isa = PBXFileReference; lastKnownFileType = sourcecode.swift; path = "UIImage+StandardSize.swift"; sourceTree = "<group>"; };
		32B75A722074B199000C4834 /* OrderStatusLabel.swift */ = {isa = PBXFileReference; lastKnownFileType = sourcecode.swift; path = OrderStatusLabel.swift; sourceTree = "<group>"; };
		32B7CD79206C9C9E00CE2FCA /* StorageRef.swift */ = {isa = PBXFileReference; lastKnownFileType = sourcecode.swift; path = StorageRef.swift; sourceTree = "<group>"; };
		32B7CD7B206C9D2400CE2FCA /* UIImageView+WebImage.swift */ = {isa = PBXFileReference; lastKnownFileType = sourcecode.swift; path = "UIImageView+WebImage.swift"; sourceTree = "<group>"; };
		32B7CD7D206CAD9200CE2FCA /* DialogHelpers.swift */ = {isa = PBXFileReference; lastKnownFileType = sourcecode.swift; path = DialogHelpers.swift; sourceTree = "<group>"; };
		32B7CD80206E1A2B00CE2FCA /* ImagePickerViewController.swift */ = {isa = PBXFileReference; lastKnownFileType = sourcecode.swift; path = ImagePickerViewController.swift; sourceTree = "<group>"; };
		32B7CD82206E1A5B00CE2FCA /* ImageRow.swift */ = {isa = PBXFileReference; lastKnownFileType = sourcecode.swift; path = ImageRow.swift; sourceTree = "<group>"; };
		32B7CD84206FA8C800CE2FCA /* FoodFormViewController.swift */ = {isa = PBXFileReference; lastKnownFileType = sourcecode.swift; path = FoodFormViewController.swift; sourceTree = "<group>"; };
		32B7CD86206FAF2F00CE2FCA /* EditFoodViewController.swift */ = {isa = PBXFileReference; lastKnownFileType = sourcecode.swift; path = EditFoodViewController.swift; sourceTree = "<group>"; };
		32FD6949207A396C00C898D0 /* ImageRow+PopulateImage.swift */ = {isa = PBXFileReference; lastKnownFileType = sourcecode.swift; path = "ImageRow+PopulateImage.swift"; sourceTree = "<group>"; };
		32FD694B207A3C9500C898D0 /* StallCreationViewController.swift */ = {isa = PBXFileReference; lastKnownFileType = sourcecode.swift; path = StallCreationViewController.swift; sourceTree = "<group>"; };
		32FD694F207DDFAD00C898D0 /* OrderCollectionViewCell.swift */ = {isa = PBXFileReference; lastKnownFileType = sourcecode.swift; path = OrderCollectionViewCell.swift; sourceTree = "<group>"; };
		32FD6951207DE59200C898D0 /* OrderHistoryCollectionViewCell.swift */ = {isa = PBXFileReference; lastKnownFileType = sourcecode.swift; path = OrderHistoryCollectionViewCell.swift; sourceTree = "<group>"; };
		32FD6953207F072D00C898D0 /* OrderDetailViewController.swift */ = {isa = PBXFileReference; lastKnownFileType = sourcecode.swift; path = OrderDetailViewController.swift; sourceTree = "<group>"; };
		32FD6955207F20EC00C898D0 /* OrderHistoryDetailViewController.swift */ = {isa = PBXFileReference; lastKnownFileType = sourcecode.swift; path = OrderHistoryDetailViewController.swift; sourceTree = "<group>"; };
		32FD6958207F383000C898D0 /* UIViewController+Dispatch.swift */ = {isa = PBXFileReference; lastKnownFileType = sourcecode.swift; path = "UIViewController+Dispatch.swift"; sourceTree = "<group>"; };
		32FD695A207F385C00C898D0 /* UIViewController+Keyboard.swift */ = {isa = PBXFileReference; lastKnownFileType = sourcecode.swift; path = "UIViewController+Keyboard.swift"; sourceTree = "<group>"; };
		430174F0C5EDD6FD171C8143 /* Pods-ding-stall.debug.xcconfig */ = {isa = PBXFileReference; includeInIndex = 1; lastKnownFileType = text.xcconfig; name = "Pods-ding-stall.debug.xcconfig"; path = "Pods/Target Support Files/Pods-ding-stall/Pods-ding-stall.debug.xcconfig"; sourceTree = "<group>"; };
		B227B0EE207E8A26008278E3 /* bell.mp3 */ = {isa = PBXFileReference; lastKnownFileType = audio.mp3; path = bell.mp3; sourceTree = "<group>"; };
		B227B0F0207E8B1B008278E3 /* Audio.swift */ = {isa = PBXFileReference; lastKnownFileType = sourcecode.swift; path = Audio.swift; sourceTree = "<group>"; };
		B2681938207DA87500968827 /* Settings.swift */ = {isa = PBXFileReference; lastKnownFileType = sourcecode.swift; path = Settings.swift; sourceTree = "<group>"; };

		B2DCBC1620819E0B009CEAE9 /* AccountVerification.swift */ = {isa = PBXFileReference; lastKnownFileType = sourcecode.swift; path = AccountVerification.swift; sourceTree = "<group>"; };

		B2DCBC1420819545009CEAE9 /* NothingToDisplayView.swift */ = {isa = PBXFileReference; lastKnownFileType = sourcecode.swift; path = NothingToDisplayView.swift; sourceTree = "<group>"; };

		F2209A652064BD9F0043C6F3 /* LoginViewController.swift */ = {isa = PBXFileReference; lastKnownFileType = sourcecode.swift; path = LoginViewController.swift; sourceTree = "<group>"; };
		F26514C720651FD20098783C /* MeViewController.swift */ = {isa = PBXFileReference; lastKnownFileType = sourcecode.swift; path = MeViewController.swift; sourceTree = "<group>"; };
		F26514C9206525B90098783C /* MeSettingMenuCell.swift */ = {isa = PBXFileReference; lastKnownFileType = sourcecode.swift; path = MeSettingMenuCell.swift; sourceTree = "<group>"; };
		F26514CB206540230098783C /* Authorizer.swift */ = {isa = PBXFileReference; lastKnownFileType = sourcecode.swift; path = Authorizer.swift; sourceTree = "<group>"; };
		F26514CD20654D480098783C /* AboutViewController.swift */ = {isa = PBXFileReference; lastKnownFileType = sourcecode.swift; path = AboutViewController.swift; sourceTree = "<group>"; };
		F285DB35205CC58300E8621B /* README.md */ = {isa = PBXFileReference; fileEncoding = 4; lastKnownFileType = net.daringfireball.markdown; name = README.md; path = ../README.md; sourceTree = "<group>"; };
		F2BBF822205B839400B9812D /* ding-stall.app */ = {isa = PBXFileReference; explicitFileType = wrapper.application; includeInIndex = 0; path = "ding-stall.app"; sourceTree = BUILT_PRODUCTS_DIR; };
		F2BBF825205B839400B9812D /* AppDelegate.swift */ = {isa = PBXFileReference; lastKnownFileType = sourcecode.swift; path = AppDelegate.swift; sourceTree = "<group>"; };
		F2BBF82A205B839400B9812D /* Base */ = {isa = PBXFileReference; lastKnownFileType = file.storyboard; name = Base; path = Base.lproj/Main.storyboard; sourceTree = "<group>"; };
		F2BBF82C205B839400B9812D /* Assets.xcassets */ = {isa = PBXFileReference; lastKnownFileType = folder.assetcatalog; path = Assets.xcassets; sourceTree = "<group>"; };
		F2BBF82F205B839400B9812D /* Base */ = {isa = PBXFileReference; lastKnownFileType = file.storyboard; name = Base; path = Base.lproj/LaunchScreen.storyboard; sourceTree = "<group>"; };
		F2BBF831205B839400B9812D /* Info.plist */ = {isa = PBXFileReference; lastKnownFileType = text.plist.xml; path = Info.plist; sourceTree = "<group>"; };
		F2BBF837205B842600B9812D /* GoogleService-Info.plist */ = {isa = PBXFileReference; fileEncoding = 4; lastKnownFileType = text.plist.xml; path = "GoogleService-Info.plist"; sourceTree = "<group>"; };
		F2D2C0422064CE75005230D6 /* Constants.swift */ = {isa = PBXFileReference; lastKnownFileType = sourcecode.swift; path = Constants.swift; sourceTree = "<group>"; };
		F74B02665C1623746C3819E3 /* Pods-ding-stall.release.xcconfig */ = {isa = PBXFileReference; includeInIndex = 1; lastKnownFileType = text.xcconfig; name = "Pods-ding-stall.release.xcconfig"; path = "Pods/Target Support Files/Pods-ding-stall/Pods-ding-stall.release.xcconfig"; sourceTree = "<group>"; };
/* End PBXFileReference section */

/* Begin PBXFrameworksBuildPhase section */
		F2BBF81F205B839400B9812D /* Frameworks */ = {
			isa = PBXFrameworksBuildPhase;
			buildActionMask = 2147483647;
			files = (
				25D71B14502B3C3A85CA02F2 /* Pods_ding_stall.framework in Frameworks */,
			);
			runOnlyForDeploymentPostprocessing = 0;
		};
/* End PBXFrameworksBuildPhase section */

/* Begin PBXGroup section */
		325EE81420665182004EC560 /* Model */ = {
			isa = PBXGroup;
			children = (
				325EE823206A0159004EC560 /* Account.swift */,
				325EE80620665178004EC560 /* Customer.swift */,
				325EE80520665178004EC560 /* Filter.swift */,
				325EE80320665177004EC560 /* DatabaseObject.swift */,
				325EE81820673DD3004EC560 /* Food.swift */,
				325EE80720665178004EC560 /* Order.swift */,
				3280F90720779A110095E224 /* OrderHistory.swift */,
				325EE80820665178004EC560 /* Review.swift */,
				325EE80220665177004EC560 /* StallDetails.swift */,
				32B75A6D2073D9D8000C4834 /* StallOverview.swift */,
				B2681938207DA87500968827 /* Settings.swift */,
			);
			path = Model;
			sourceTree = "<group>";
		};
		3280F90320750B5D0095E224 /* Helpers */ = {
			isa = PBXGroup;
			children = (
				3280F90120750A340095E224 /* UIColor+RGB.swift */,
				32B7CD7B206C9D2400CE2FCA /* UIImageView+WebImage.swift */,
				32B75A6F207484DA000C4834 /* UIImage+StandardSize.swift */,
			);
			path = Helpers;
			sourceTree = "<group>";
		};
		3280F906207796430095E224 /* Order */ = {
			isa = PBXGroup;
			children = (
				32FD6953207F072D00C898D0 /* OrderDetailViewController.swift */,
				32FD6955207F20EC00C898D0 /* OrderHistoryDetailViewController.swift */,
				3280F90F2077B9B70095E224 /* OrderHistoryViewController.swift */,
				3280F90D2077B9AE0095E224 /* OrderQueueViewController.swift */,
				3280F904207796120095E224 /* OrderViewController.swift */,
			);
			path = Order;
			sourceTree = "<group>";
		};
		3280F90A2077B8A70095E224 /* Recovered References */ = {
			isa = PBXGroup;
			children = (
			);
			name = "Recovered References";
			sourceTree = "<group>";
		};
		3280F9112077C0000095E224 /* Base */ = {
			isa = PBXGroup;
			children = (
				F2BBF82E205B839400B9812D /* LaunchScreen.storyboard */,
				F2BBF829205B839400B9812D /* Main.storyboard */,
			);
			path = Base;
			sourceTree = "<group>";
		};
		32B75A6B2073BEEC000C4834 /* Login */ = {
			isa = PBXGroup;
			children = (
				F2209A652064BD9F0043C6F3 /* LoginViewController.swift */,
				32B75A6720733E46000C4834 /* PasswordSignUpController.swift */,
			);
			path = Login;
			sourceTree = "<group>";
		};
		32B75A6C2073BF07000C4834 /* Menu */ = {
			isa = PBXGroup;
			children = (
				325EE825206A7754004EC560 /* AddFoodViewController.swift */,
				32B7CD86206FAF2F00CE2FCA /* EditFoodViewController.swift */,
				32B7CD84206FA8C800CE2FCA /* FoodFormViewController.swift */,
				325EE7FC2066476B004EC560 /* MenuViewController.swift */,
			);
			path = Menu;
			sourceTree = "<group>";
		};
		32B75A742074B1DF000C4834 /* Order */ = {
			isa = PBXGroup;
			children = (
				32FD694F207DDFAD00C898D0 /* OrderCollectionViewCell.swift */,
				32FD6951207DE59200C898D0 /* OrderHistoryCollectionViewCell.swift */,
				3280F90B2077B9620095E224 /* OrderQueueCollectionViewCell.swift */,
				32B75A722074B199000C4834 /* OrderStatusLabel.swift */,
			);
			path = Order;
			sourceTree = "<group>";
		};
		32FD69482079F78900C898D0 /* Profile */ = {
			isa = PBXGroup;
			children = (
				325EE7F220663C46004EC560 /* ProfileViewController.swift */,
				32FD694B207A3C9500C898D0 /* StallCreationViewController.swift */,
				32B75A69207340B0000C4834 /* StallFormViewController.swift */,
			);
			path = Profile;
			sourceTree = "<group>";
		};
		32FD695C207F386500C898D0 /* Helper */ = {
			isa = PBXGroup;
			children = (
				32FD6958207F383000C898D0 /* UIViewController+Dispatch.swift */,
				32FD695A207F385C00C898D0 /* UIViewController+Keyboard.swift */,
			);
			path = Helper;
			sourceTree = "<group>";
		};
		B227B0ED207E899C008278E3 /* Audio */ = {
			isa = PBXGroup;
			children = (
				B227B0EE207E8A26008278E3 /* bell.mp3 */,
				B227B0F0207E8B1B008278E3 /* Audio.swift */,
			);
			path = Audio;
			sourceTree = "<group>";
		};
		DCFD028E2205939395984373 /* Pods */ = {
			isa = PBXGroup;
			children = (
				430174F0C5EDD6FD171C8143 /* Pods-ding-stall.debug.xcconfig */,
				F74B02665C1623746C3819E3 /* Pods-ding-stall.release.xcconfig */,
			);
			name = Pods;
			sourceTree = "<group>";
		};
		E6EE1A77C1B25ABBE46812D2 /* Frameworks */ = {
			isa = PBXGroup;
			children = (
				310470C4EE38936B02AD10DC /* Pods_ding_stall.framework */,
			);
			name = Frameworks;
			sourceTree = "<group>";
		};
		F22A9527205D6E8900C6142E /* Views */ = {
			isa = PBXGroup;
			children = (
				32B7CD82206E1A5B00CE2FCA /* ImageRow.swift */,
				32FD6949207A396C00C898D0 /* ImageRow+PopulateImage.swift */,
				325EE81A20692F30004EC560 /* MenuCollectionViewCell.swift */,
				F26514C9206525B90098783C /* MeSettingMenuCell.swift */,
				B2DCBC1420819545009CEAE9 /* NothingToDisplayView.swift */,
				F2BBF82C205B839400B9812D /* Assets.xcassets */,
				3280F9112077C0000095E224 /* Base */,
				3280F90320750B5D0095E224 /* Helpers */,
				32B75A742074B1DF000C4834 /* Order */,
			);
			path = Views;
			sourceTree = "<group>";
		};
		F22A9528205D6EA600C6142E /* Controllers */ = {
			isa = PBXGroup;
			children = (
				F26514CD20654D480098783C /* AboutViewController.swift */,
				32B7CD80206E1A2B00CE2FCA /* ImagePickerViewController.swift */,
				F26514C720651FD20098783C /* MeViewController.swift */,
				325EE7F820664532004EC560 /* SettingsViewController.swift */,
				32FD695C207F386500C898D0 /* Helper */,
				32B75A6B2073BEEC000C4834 /* Login */,
				32B75A6C2073BF07000C4834 /* Menu */,
				3280F906207796430095E224 /* Order */,
				32FD69482079F78900C898D0 /* Profile */,
			);
			path = Controllers;
			sourceTree = "<group>";
		};
		F22A952A205D6EF900C6142E /* Others */ = {
			isa = PBXGroup;
			children = (
				F2BBF825205B839400B9812D /* AppDelegate.swift */,
				F26514CB206540230098783C /* Authorizer.swift */,
				F2D2C0422064CE75005230D6 /* Constants.swift */,
				325EE7FE20665019004EC560 /* DatabaseRef.swift */,
				32B7CD7D206CAD9200CE2FCA /* DialogHelpers.swift */,
				32B7CD79206C9C9E00CE2FCA /* StorageRef.swift */,
			);
			path = Others;
			sourceTree = "<group>";
		};
		F2BBF819205B839400B9812D = {
			isa = PBXGroup;
			children = (
				F285DB35205CC58300E8621B /* README.md */,
				F2BBF824205B839400B9812D /* ding-stall */,
				F2BBF823205B839400B9812D /* Products */,
				DCFD028E2205939395984373 /* Pods */,
				E6EE1A77C1B25ABBE46812D2 /* Frameworks */,
				3280F90A2077B8A70095E224 /* Recovered References */,
			);
			sourceTree = "<group>";
		};
		F2BBF823205B839400B9812D /* Products */ = {
			isa = PBXGroup;
			children = (
				F2BBF822205B839400B9812D /* ding-stall.app */,
			);
			name = Products;
			sourceTree = "<group>";
		};
		F2BBF824205B839400B9812D /* ding-stall */ = {
			isa = PBXGroup;
			children = (
				B227B0ED207E899C008278E3 /* Audio */,
				325EE81420665182004EC560 /* Model */,
				F22A9528205D6EA600C6142E /* Controllers */,
				F22A9527205D6E8900C6142E /* Views */,
				F22A952A205D6EF900C6142E /* Others */,
				F2BBF837205B842600B9812D /* GoogleService-Info.plist */,
				F2BBF831205B839400B9812D /* Info.plist */,
				B2DCBC1620819E0B009CEAE9 /* AccountVerification.swift */,
			);
			path = "ding-stall";
			sourceTree = "<group>";
		};
/* End PBXGroup section */

/* Begin PBXNativeTarget section */
		F2BBF821205B839400B9812D /* ding-stall */ = {
			isa = PBXNativeTarget;
			buildConfigurationList = F2BBF834205B839400B9812D /* Build configuration list for PBXNativeTarget "ding-stall" */;
			buildPhases = (
				2239B38B0184549D31F956EB /* [CP] Check Pods Manifest.lock */,
				F2BBF81E205B839400B9812D /* Sources */,
				F2BBF81F205B839400B9812D /* Frameworks */,
				F2BBF820205B839400B9812D /* Resources */,
				C0B1C6E5F3494412A5A1828A /* [CP] Embed Pods Frameworks */,
				7AFACD334B915D8A31F543BD /* [CP] Copy Pods Resources */,
				F25F3A9B205B86D40042D8FA /* SwiftLint */,
			);
			buildRules = (
			);
			dependencies = (
			);
			name = "ding-stall";
			productName = "ding-stall";
			productReference = F2BBF822205B839400B9812D /* ding-stall.app */;
			productType = "com.apple.product-type.application";
		};
/* End PBXNativeTarget section */

/* Begin PBXProject section */
		F2BBF81A205B839400B9812D /* Project object */ = {
			isa = PBXProject;
			attributes = {
				LastSwiftUpdateCheck = 0920;
				LastUpgradeCheck = 0930;
				ORGANIZATIONNAME = "CS3217 Ding";
				TargetAttributes = {
					F2BBF821205B839400B9812D = {
						CreatedOnToolsVersion = 9.2;
						ProvisioningStyle = Automatic;
					};
				};
			};
			buildConfigurationList = F2BBF81D205B839400B9812D /* Build configuration list for PBXProject "ding-stall" */;
			compatibilityVersion = "Xcode 8.0";
			developmentRegion = en;
			hasScannedForEncodings = 0;
			knownRegions = (
				en,
				Base,
			);
			mainGroup = F2BBF819205B839400B9812D;
			productRefGroup = F2BBF823205B839400B9812D /* Products */;
			projectDirPath = "";
			projectRoot = "";
			targets = (
				F2BBF821205B839400B9812D /* ding-stall */,
			);
		};
/* End PBXProject section */

/* Begin PBXResourcesBuildPhase section */
		F2BBF820205B839400B9812D /* Resources */ = {
			isa = PBXResourcesBuildPhase;
			buildActionMask = 2147483647;
			files = (
				F2BBF830205B839400B9812D /* LaunchScreen.storyboard in Resources */,
				F2BBF838205B842600B9812D /* GoogleService-Info.plist in Resources */,
				B227B0EF207E8A26008278E3 /* bell.mp3 in Resources */,
				F285DB36205CC58300E8621B /* README.md in Resources */,
				F2BBF82D205B839400B9812D /* Assets.xcassets in Resources */,
				F2BBF82B205B839400B9812D /* Main.storyboard in Resources */,
			);
			runOnlyForDeploymentPostprocessing = 0;
		};
/* End PBXResourcesBuildPhase section */

/* Begin PBXShellScriptBuildPhase section */
		2239B38B0184549D31F956EB /* [CP] Check Pods Manifest.lock */ = {
			isa = PBXShellScriptBuildPhase;
			buildActionMask = 2147483647;
			files = (
			);
			inputPaths = (
				"${PODS_PODFILE_DIR_PATH}/Podfile.lock",
				"${PODS_ROOT}/Manifest.lock",
			);
			name = "[CP] Check Pods Manifest.lock";
			outputPaths = (
				"$(DERIVED_FILE_DIR)/Pods-ding-stall-checkManifestLockResult.txt",
			);
			runOnlyForDeploymentPostprocessing = 0;
			shellPath = /bin/sh;
			shellScript = "diff \"${PODS_PODFILE_DIR_PATH}/Podfile.lock\" \"${PODS_ROOT}/Manifest.lock\" > /dev/null\nif [ $? != 0 ] ; then\n    # print error to STDERR\n    echo \"error: The sandbox is not in sync with the Podfile.lock. Run 'pod install' or update your CocoaPods installation.\" >&2\n    exit 1\nfi\n# This output is used by Xcode 'outputs' to avoid re-running this script phase.\necho \"SUCCESS\" > \"${SCRIPT_OUTPUT_FILE_0}\"\n";
			showEnvVarsInLog = 0;
		};
		7AFACD334B915D8A31F543BD /* [CP] Copy Pods Resources */ = {
			isa = PBXShellScriptBuildPhase;
			buildActionMask = 2147483647;
			files = (
			);
			inputPaths = (
				"${SRCROOT}/Pods/Target Support Files/Pods-ding-stall/Pods-ding-stall-resources.sh",
				"${PODS_CONFIGURATION_BUILD_DIR}/FirebaseUI/FirebaseAuthUI.bundle",
			);
			name = "[CP] Copy Pods Resources";
			outputPaths = (
				"${TARGET_BUILD_DIR}/${UNLOCALIZED_RESOURCES_FOLDER_PATH}/FirebaseAuthUI.bundle",
			);
			runOnlyForDeploymentPostprocessing = 0;
			shellPath = /bin/sh;
			shellScript = "\"${SRCROOT}/Pods/Target Support Files/Pods-ding-stall/Pods-ding-stall-resources.sh\"\n";
			showEnvVarsInLog = 0;
		};
		C0B1C6E5F3494412A5A1828A /* [CP] Embed Pods Frameworks */ = {
			isa = PBXShellScriptBuildPhase;
			buildActionMask = 2147483647;
			files = (
			);
			inputPaths = (
				"${SRCROOT}/Pods/Target Support Files/Pods-ding-stall/Pods-ding-stall-frameworks.sh",
				"${BUILT_PRODUCTS_DIR}/Eureka/Eureka.framework",
				"${BUILT_PRODUCTS_DIR}/GTMSessionFetcher/GTMSessionFetcher.framework",
				"${BUILT_PRODUCTS_DIR}/GoogleToolboxForMac/GoogleToolboxForMac.framework",
				"${BUILT_PRODUCTS_DIR}/SDWebImage/SDWebImage.framework",
				"${BUILT_PRODUCTS_DIR}/leveldb-library/leveldb.framework",
				"${BUILT_PRODUCTS_DIR}/nanopb/nanopb.framework",
			);
			name = "[CP] Embed Pods Frameworks";
			outputPaths = (
				"${TARGET_BUILD_DIR}/${FRAMEWORKS_FOLDER_PATH}/Eureka.framework",
				"${TARGET_BUILD_DIR}/${FRAMEWORKS_FOLDER_PATH}/GTMSessionFetcher.framework",
				"${TARGET_BUILD_DIR}/${FRAMEWORKS_FOLDER_PATH}/GoogleToolboxForMac.framework",
				"${TARGET_BUILD_DIR}/${FRAMEWORKS_FOLDER_PATH}/SDWebImage.framework",
				"${TARGET_BUILD_DIR}/${FRAMEWORKS_FOLDER_PATH}/leveldb.framework",
				"${TARGET_BUILD_DIR}/${FRAMEWORKS_FOLDER_PATH}/nanopb.framework",
			);
			runOnlyForDeploymentPostprocessing = 0;
			shellPath = /bin/sh;
			shellScript = "\"${SRCROOT}/Pods/Target Support Files/Pods-ding-stall/Pods-ding-stall-frameworks.sh\"\n";
			showEnvVarsInLog = 0;
		};
		F25F3A9B205B86D40042D8FA /* SwiftLint */ = {
			isa = PBXShellScriptBuildPhase;
			buildActionMask = 2147483647;
			files = (
			);
			inputPaths = (
			);
			name = SwiftLint;
			outputPaths = (
			);
			runOnlyForDeploymentPostprocessing = 0;
			shellPath = /bin/sh;
			shellScript = "if which swiftlint >/dev/null; then\n    swiftlint\nelse\n    echo \"warning: SwiftLint not installed, download from https://github.com/realm/SwiftLint\"\nfi";
		};
/* End PBXShellScriptBuildPhase section */

/* Begin PBXSourcesBuildPhase section */
		F2BBF81E205B839400B9812D /* Sources */ = {
			isa = PBXSourcesBuildPhase;
			buildActionMask = 2147483647;
			files = (
				32B7CD87206FAF2F00CE2FCA /* EditFoodViewController.swift in Sources */,
				F2209A662064BD9F0043C6F3 /* LoginViewController.swift in Sources */,
				32B7CD7C206C9D2400CE2FCA /* UIImageView+WebImage.swift in Sources */,
				32FD695B207F385C00C898D0 /* UIViewController+Keyboard.swift in Sources */,
				325EE7FF2066501A004EC560 /* DatabaseRef.swift in Sources */,
				32FD6954207F072D00C898D0 /* OrderDetailViewController.swift in Sources */,
				32B75A6E2073D9D8000C4834 /* StallOverview.swift in Sources */,
				3280F90220750A340095E224 /* UIColor+RGB.swift in Sources */,
				B2681939207DA87500968827 /* Settings.swift in Sources */,
				325EE81120665178004EC560 /* Review.swift in Sources */,
				325EE81020665178004EC560 /* Order.swift in Sources */,
				325EE824206A0159004EC560 /* Account.swift in Sources */,
				3280F90C2077B9630095E224 /* OrderQueueCollectionViewCell.swift in Sources */,
				325EE826206A7754004EC560 /* AddFoodViewController.swift in Sources */,
				B2DCBC1720819E0B009CEAE9 /* AccountVerification.swift in Sources */,
				3280F90E2077B9AE0095E224 /* OrderQueueViewController.swift in Sources */,
				F2BBF826205B839400B9812D /* AppDelegate.swift in Sources */,
				32B75A6A207340B0000C4834 /* StallFormViewController.swift in Sources */,
				32FD6950207DDFAD00C898D0 /* OrderCollectionViewCell.swift in Sources */,
				325EE81920673DD3004EC560 /* Food.swift in Sources */,
				32B7CD7E206CAD9200CE2FCA /* DialogHelpers.swift in Sources */,
				32FD694A207A396C00C898D0 /* ImageRow+PopulateImage.swift in Sources */,
				325EE7F920664532004EC560 /* SettingsViewController.swift in Sources */,
				325EE80E20665178004EC560 /* Filter.swift in Sources */,
				B227B0F1207E8B1B008278E3 /* Audio.swift in Sources */,
				32FD6952207DE59200C898D0 /* OrderHistoryCollectionViewCell.swift in Sources */,
				32FD694C207A3C9500C898D0 /* StallCreationViewController.swift in Sources */,
				3280F9102077B9B80095E224 /* OrderHistoryViewController.swift in Sources */,
				B2DCBC1520819545009CEAE9 /* NothingToDisplayView.swift in Sources */,
				325EE80B20665178004EC560 /* StallDetails.swift in Sources */,
				32FD6956207F20EC00C898D0 /* OrderHistoryDetailViewController.swift in Sources */,
				F26514C820651FD20098783C /* MeViewController.swift in Sources */,
				32B7CD83206E1A5B00CE2FCA /* ImageRow.swift in Sources */,
				F26514CE20654D480098783C /* AboutViewController.swift in Sources */,
				32B75A6820733E46000C4834 /* PasswordSignUpController.swift in Sources */,
				325EE7FD2066476B004EC560 /* MenuViewController.swift in Sources */,
				32B7CD85206FA8C800CE2FCA /* FoodFormViewController.swift in Sources */,
				3280F90820779A110095E224 /* OrderHistory.swift in Sources */,
				325EE81B20692F30004EC560 /* MenuCollectionViewCell.swift in Sources */,
				F26514CA206525B90098783C /* MeSettingMenuCell.swift in Sources */,
				F26514CC206540230098783C /* Authorizer.swift in Sources */,
				32B75A732074B199000C4834 /* OrderStatusLabel.swift in Sources */,
				325EE7F320663C46004EC560 /* ProfileViewController.swift in Sources */,
				32FD6959207F383000C898D0 /* UIViewController+Dispatch.swift in Sources */,
				F2D2C0432064CE75005230D6 /* Constants.swift in Sources */,
				32B7CD81206E1A2B00CE2FCA /* ImagePickerViewController.swift in Sources */,
				3280F905207796120095E224 /* OrderViewController.swift in Sources */,
				325EE80C20665178004EC560 /* DatabaseObject.swift in Sources */,
				32B75A70207484DA000C4834 /* UIImage+StandardSize.swift in Sources */,
				32B7CD7A206C9C9E00CE2FCA /* StorageRef.swift in Sources */,
				325EE80F20665178004EC560 /* Customer.swift in Sources */,
			);
			runOnlyForDeploymentPostprocessing = 0;
		};
/* End PBXSourcesBuildPhase section */

/* Begin PBXVariantGroup section */
		F2BBF829205B839400B9812D /* Main.storyboard */ = {
			isa = PBXVariantGroup;
			children = (
				F2BBF82A205B839400B9812D /* Base */,
			);
			name = Main.storyboard;
			sourceTree = "<group>";
		};
		F2BBF82E205B839400B9812D /* LaunchScreen.storyboard */ = {
			isa = PBXVariantGroup;
			children = (
				F2BBF82F205B839400B9812D /* Base */,
			);
			name = LaunchScreen.storyboard;
			sourceTree = "<group>";
		};
/* End PBXVariantGroup section */

/* Begin XCBuildConfiguration section */
		F2BBF832205B839400B9812D /* Debug */ = {
			isa = XCBuildConfiguration;
			buildSettings = {
				ALWAYS_SEARCH_USER_PATHS = NO;
				CLANG_ANALYZER_NONNULL = YES;
				CLANG_ANALYZER_NUMBER_OBJECT_CONVERSION = YES_AGGRESSIVE;
				CLANG_CXX_LANGUAGE_STANDARD = "gnu++14";
				CLANG_CXX_LIBRARY = "libc++";
				CLANG_ENABLE_MODULES = YES;
				CLANG_ENABLE_OBJC_ARC = YES;
				CLANG_WARN_BLOCK_CAPTURE_AUTORELEASING = YES;
				CLANG_WARN_BOOL_CONVERSION = YES;
				CLANG_WARN_COMMA = YES;
				CLANG_WARN_CONSTANT_CONVERSION = YES;
				CLANG_WARN_DEPRECATED_OBJC_IMPLEMENTATIONS = YES;
				CLANG_WARN_DIRECT_OBJC_ISA_USAGE = YES_ERROR;
				CLANG_WARN_DOCUMENTATION_COMMENTS = YES;
				CLANG_WARN_EMPTY_BODY = YES;
				CLANG_WARN_ENUM_CONVERSION = YES;
				CLANG_WARN_INFINITE_RECURSION = YES;
				CLANG_WARN_INT_CONVERSION = YES;
				CLANG_WARN_NON_LITERAL_NULL_CONVERSION = YES;
				CLANG_WARN_OBJC_IMPLICIT_RETAIN_SELF = YES;
				CLANG_WARN_OBJC_LITERAL_CONVERSION = YES;
				CLANG_WARN_OBJC_ROOT_CLASS = YES_ERROR;
				CLANG_WARN_RANGE_LOOP_ANALYSIS = YES;
				CLANG_WARN_STRICT_PROTOTYPES = YES;
				CLANG_WARN_SUSPICIOUS_MOVE = YES;
				CLANG_WARN_UNGUARDED_AVAILABILITY = YES_AGGRESSIVE;
				CLANG_WARN_UNREACHABLE_CODE = YES;
				CLANG_WARN__DUPLICATE_METHOD_MATCH = YES;
				CODE_SIGN_IDENTITY = "iPhone Developer";
				COPY_PHASE_STRIP = NO;
				DEBUG_INFORMATION_FORMAT = dwarf;
				ENABLE_STRICT_OBJC_MSGSEND = YES;
				ENABLE_TESTABILITY = YES;
				GCC_C_LANGUAGE_STANDARD = gnu11;
				GCC_DYNAMIC_NO_PIC = NO;
				GCC_NO_COMMON_BLOCKS = YES;
				GCC_OPTIMIZATION_LEVEL = 0;
				GCC_PREPROCESSOR_DEFINITIONS = (
					"DEBUG=1",
					"$(inherited)",
				);
				GCC_WARN_64_TO_32_BIT_CONVERSION = YES;
				GCC_WARN_ABOUT_RETURN_TYPE = YES_ERROR;
				GCC_WARN_UNDECLARED_SELECTOR = YES;
				GCC_WARN_UNINITIALIZED_AUTOS = YES_AGGRESSIVE;
				GCC_WARN_UNUSED_FUNCTION = YES;
				GCC_WARN_UNUSED_VARIABLE = YES;
				IPHONEOS_DEPLOYMENT_TARGET = 11.2;
				MTL_ENABLE_DEBUG_INFO = YES;
				ONLY_ACTIVE_ARCH = YES;
				SDKROOT = iphoneos;
				SWIFT_ACTIVE_COMPILATION_CONDITIONS = DEBUG;
				SWIFT_OPTIMIZATION_LEVEL = "-Onone";
			};
			name = Debug;
		};
		F2BBF833205B839400B9812D /* Release */ = {
			isa = XCBuildConfiguration;
			buildSettings = {
				ALWAYS_SEARCH_USER_PATHS = NO;
				CLANG_ANALYZER_NONNULL = YES;
				CLANG_ANALYZER_NUMBER_OBJECT_CONVERSION = YES_AGGRESSIVE;
				CLANG_CXX_LANGUAGE_STANDARD = "gnu++14";
				CLANG_CXX_LIBRARY = "libc++";
				CLANG_ENABLE_MODULES = YES;
				CLANG_ENABLE_OBJC_ARC = YES;
				CLANG_WARN_BLOCK_CAPTURE_AUTORELEASING = YES;
				CLANG_WARN_BOOL_CONVERSION = YES;
				CLANG_WARN_COMMA = YES;
				CLANG_WARN_CONSTANT_CONVERSION = YES;
				CLANG_WARN_DEPRECATED_OBJC_IMPLEMENTATIONS = YES;
				CLANG_WARN_DIRECT_OBJC_ISA_USAGE = YES_ERROR;
				CLANG_WARN_DOCUMENTATION_COMMENTS = YES;
				CLANG_WARN_EMPTY_BODY = YES;
				CLANG_WARN_ENUM_CONVERSION = YES;
				CLANG_WARN_INFINITE_RECURSION = YES;
				CLANG_WARN_INT_CONVERSION = YES;
				CLANG_WARN_NON_LITERAL_NULL_CONVERSION = YES;
				CLANG_WARN_OBJC_IMPLICIT_RETAIN_SELF = YES;
				CLANG_WARN_OBJC_LITERAL_CONVERSION = YES;
				CLANG_WARN_OBJC_ROOT_CLASS = YES_ERROR;
				CLANG_WARN_RANGE_LOOP_ANALYSIS = YES;
				CLANG_WARN_STRICT_PROTOTYPES = YES;
				CLANG_WARN_SUSPICIOUS_MOVE = YES;
				CLANG_WARN_UNGUARDED_AVAILABILITY = YES_AGGRESSIVE;
				CLANG_WARN_UNREACHABLE_CODE = YES;
				CLANG_WARN__DUPLICATE_METHOD_MATCH = YES;
				CODE_SIGN_IDENTITY = "iPhone Developer";
				COPY_PHASE_STRIP = NO;
				DEBUG_INFORMATION_FORMAT = "dwarf-with-dsym";
				ENABLE_NS_ASSERTIONS = NO;
				ENABLE_STRICT_OBJC_MSGSEND = YES;
				GCC_C_LANGUAGE_STANDARD = gnu11;
				GCC_NO_COMMON_BLOCKS = YES;
				GCC_WARN_64_TO_32_BIT_CONVERSION = YES;
				GCC_WARN_ABOUT_RETURN_TYPE = YES_ERROR;
				GCC_WARN_UNDECLARED_SELECTOR = YES;
				GCC_WARN_UNINITIALIZED_AUTOS = YES_AGGRESSIVE;
				GCC_WARN_UNUSED_FUNCTION = YES;
				GCC_WARN_UNUSED_VARIABLE = YES;
				IPHONEOS_DEPLOYMENT_TARGET = 11.2;
				MTL_ENABLE_DEBUG_INFO = NO;
				SDKROOT = iphoneos;
				SWIFT_OPTIMIZATION_LEVEL = "-Owholemodule";
				VALIDATE_PRODUCT = YES;
			};
			name = Release;
		};
		F2BBF835205B839400B9812D /* Debug */ = {
			isa = XCBuildConfiguration;
			baseConfigurationReference = 430174F0C5EDD6FD171C8143 /* Pods-ding-stall.debug.xcconfig */;
			buildSettings = {
				ASSETCATALOG_COMPILER_APPICON_NAME = AppIcon;
				CODE_SIGN_STYLE = Automatic;
				DEVELOPMENT_TEAM = W76H98A34A;
				INFOPLIST_FILE = "ding-stall/Info.plist";
				LD_RUNPATH_SEARCH_PATHS = "$(inherited) @executable_path/Frameworks";
				PRODUCT_BUNDLE_IDENTIFIER = "nus.cs3217.ding-stall";
				PRODUCT_NAME = "$(TARGET_NAME)";
				SWIFT_VERSION = 4.0;
				TARGETED_DEVICE_FAMILY = "1,2";
			};
			name = Debug;
		};
		F2BBF836205B839400B9812D /* Release */ = {
			isa = XCBuildConfiguration;
			baseConfigurationReference = F74B02665C1623746C3819E3 /* Pods-ding-stall.release.xcconfig */;
			buildSettings = {
				ASSETCATALOG_COMPILER_APPICON_NAME = AppIcon;
				CODE_SIGN_STYLE = Automatic;
				DEVELOPMENT_TEAM = W76H98A34A;
				INFOPLIST_FILE = "ding-stall/Info.plist";
				LD_RUNPATH_SEARCH_PATHS = "$(inherited) @executable_path/Frameworks";
				PRODUCT_BUNDLE_IDENTIFIER = "nus.cs3217.ding-stall";
				PRODUCT_NAME = "$(TARGET_NAME)";
				SWIFT_VERSION = 4.0;
				TARGETED_DEVICE_FAMILY = "1,2";
			};
			name = Release;
		};
/* End XCBuildConfiguration section */

/* Begin XCConfigurationList section */
		F2BBF81D205B839400B9812D /* Build configuration list for PBXProject "ding-stall" */ = {
			isa = XCConfigurationList;
			buildConfigurations = (
				F2BBF832205B839400B9812D /* Debug */,
				F2BBF833205B839400B9812D /* Release */,
			);
			defaultConfigurationIsVisible = 0;
			defaultConfigurationName = Release;
		};
		F2BBF834205B839400B9812D /* Build configuration list for PBXNativeTarget "ding-stall" */ = {
			isa = XCConfigurationList;
			buildConfigurations = (
				F2BBF835205B839400B9812D /* Debug */,
				F2BBF836205B839400B9812D /* Release */,
			);
			defaultConfigurationIsVisible = 0;
			defaultConfigurationName = Release;
		};
/* End XCConfigurationList section */
	};
	rootObject = F2BBF81A205B839400B9812D /* Project object */;
}
